// !$*UTF8*$!
{
	archiveVersion = 1;
	classes = {
	};
	objectVersion = 52;
	objects = {

/* Begin PBXBuildFile section */
		0D0FB49C262A427A008AE4C5 /* Maps.swift in Sources */ = {isa = PBXBuildFile; fileRef = 0D0FB49B262A427A008AE4C5 /* Maps.swift */; };
		0D0FB4F0262A75EB008AE4C5 /* XBPageCurlView.m in Sources */ = {isa = PBXBuildFile; fileRef = 0D0FB4E2262A75E5008AE4C5 /* XBPageCurlView.m */; };
		0D0FB4F1262A75EB008AE4C5 /* XBAnimationManager.m in Sources */ = {isa = PBXBuildFile; fileRef = 0D0FB4E6262A75E7008AE4C5 /* XBAnimationManager.m */; };
		0D0FB4F2262A75EB008AE4C5 /* XBSnappingPoint.m in Sources */ = {isa = PBXBuildFile; fileRef = 0D0FB4E7262A75E7008AE4C5 /* XBSnappingPoint.m */; };
		0D0FB4F3262A75EB008AE4C5 /* XBAnimation.m in Sources */ = {isa = PBXBuildFile; fileRef = 0D0FB4E8262A75E8008AE4C5 /* XBAnimation.m */; };
		0D0FB4F4262A75EB008AE4C5 /* CGPointAdditions.c in Sources */ = {isa = PBXBuildFile; fileRef = 0D0FB4EA262A75E9008AE4C5 /* CGPointAdditions.c */; };
		0D0FB4F5262A75EB008AE4C5 /* XBPageDragView.m in Sources */ = {isa = PBXBuildFile; fileRef = 0D0FB4ED262A75EA008AE4C5 /* XBPageDragView.m */; };
		0D0FB4F6262A75EB008AE4C5 /* XBCurlView.m in Sources */ = {isa = PBXBuildFile; fileRef = 0D0FB4EE262A75EB008AE4C5 /* XBCurlView.m */; };
		0D0FB503262A75F4008AE4C5 /* FrontVertexShader.glsl in Resources */ = {isa = PBXBuildFile; fileRef = 0D0FB4FA262A75F0008AE4C5 /* FrontVertexShader.glsl */; };
		0D0FB504262A75F4008AE4C5 /* BackPageGradient.png in Resources */ = {isa = PBXBuildFile; fileRef = 0D0FB4FB262A75F1008AE4C5 /* BackPageGradient.png */; };
		0D0FB505262A75F4008AE4C5 /* NextPageFragmentShader.glsl in Resources */ = {isa = PBXBuildFile; fileRef = 0D0FB4FC262A75F1008AE4C5 /* NextPageFragmentShader.glsl */; };
		0D0FB506262A75F4008AE4C5 /* BackFragmentShader.glsl in Resources */ = {isa = PBXBuildFile; fileRef = 0D0FB4FD262A75F1008AE4C5 /* BackFragmentShader.glsl */; };
		0D0FB507262A75F4008AE4C5 /* NextPageNoTextureVertexShader.glsl in Resources */ = {isa = PBXBuildFile; fileRef = 0D0FB4FE262A75F2008AE4C5 /* NextPageNoTextureVertexShader.glsl */; };
		0D0FB508262A75F4008AE4C5 /* NextPageVertexShader.glsl in Resources */ = {isa = PBXBuildFile; fileRef = 0D0FB4FF262A75F2008AE4C5 /* NextPageVertexShader.glsl */; };
		0D0FB509262A75F4008AE4C5 /* BackVertexShader.glsl in Resources */ = {isa = PBXBuildFile; fileRef = 0D0FB500262A75F3008AE4C5 /* BackVertexShader.glsl */; };
		0D0FB50A262A75F4008AE4C5 /* FrontFragmentShader.glsl in Resources */ = {isa = PBXBuildFile; fileRef = 0D0FB501262A75F3008AE4C5 /* FrontFragmentShader.glsl */; };
		0D0FB50B262A75F4008AE4C5 /* NextPageNoTextureFragmentShader.glsl in Resources */ = {isa = PBXBuildFile; fileRef = 0D0FB502262A75F4008AE4C5 /* NextPageNoTextureFragmentShader.glsl */; };
		0D11D84E25E19F9400AB2F2B /* Safari.swift in Sources */ = {isa = PBXBuildFile; fileRef = 0D11D84D25E19F9400AB2F2B /* Safari.swift */; };
		0D11D85A25E1F9A500AB2F2B /* SwiftyJSON in Frameworks */ = {isa = PBXBuildFile; productRef = 0D11D85925E1F9A500AB2F2B /* SwiftyJSON */; };
		0D11D86625E2BC0C00AB2F2B /* Introspect in Frameworks */ = {isa = PBXBuildFile; productRef = 0D11D86525E2BC0C00AB2F2B /* Introspect */; };
		0D11D86F25E34EBE00AB2F2B /* SwiftUIPager in Frameworks */ = {isa = PBXBuildFile; productRef = 0D11D86E25E34EBE00AB2F2B /* SwiftUIPager */; };
		0D11D88325EC009B00AB2F2B /* Mail.swift in Sources */ = {isa = PBXBuildFile; fileRef = 0D11D88225EC009B00AB2F2B /* Mail.swift */; };
		0D11D88B25EC593900AB2F2B /* Phone.swift in Sources */ = {isa = PBXBuildFile; fileRef = 0D11D88A25EC593900AB2F2B /* Phone.swift */; };
		0D11D89625EDD2BC00AB2F2B /* PhoneNumberFormatRule.swift in Sources */ = {isa = PBXBuildFile; fileRef = 0D11D89025EDD2BA00AB2F2B /* PhoneNumberFormatRule.swift */; };
		0D11D89725EDD2BC00AB2F2B /* USRuleset.swift in Sources */ = {isa = PBXBuildFile; fileRef = 0D11D89125EDD2BA00AB2F2B /* USRuleset.swift */; };
		0D11D89825EDD2BC00AB2F2B /* PhoneFormatter.swift in Sources */ = {isa = PBXBuildFile; fileRef = 0D11D89225EDD2BB00AB2F2B /* PhoneFormatter.swift */; };
		0D11D89925EDD2BC00AB2F2B /* PhoneFormatType.swift in Sources */ = {isa = PBXBuildFile; fileRef = 0D11D89325EDD2BB00AB2F2B /* PhoneFormatType.swift */; };
		0D11D89A25EDD2BC00AB2F2B /* PhoneFormatSeparator.swift in Sources */ = {isa = PBXBuildFile; fileRef = 0D11D89425EDD2BB00AB2F2B /* PhoneFormatSeparator.swift */; };
		0D11D89B25EDD2BC00AB2F2B /* PhoneFormatRuleset.swift in Sources */ = {isa = PBXBuildFile; fileRef = 0D11D89525EDD2BC00AB2F2B /* PhoneFormatRuleset.swift */; };
		0D289FB725B2030900B242EF /* Common.swift in Sources */ = {isa = PBXBuildFile; fileRef = 0D289FB625B2030900B242EF /* Common.swift */; };
		0D2D5CBF25C9C48500286707 /* iPod.swift in Sources */ = {isa = PBXBuildFile; fileRef = 0D2D5CBE25C9C48500286707 /* iPod.swift */; };
		0D371FD625AB7B6D00E4D723 /* LockScreen.swift in Sources */ = {isa = PBXBuildFile; fileRef = 0D371FD525AB7B6D00E4D723 /* LockScreen.swift */; };
		0D371FDC25AB854F00E4D723 /* PureSwiftUITools in Frameworks */ = {isa = PBXBuildFile; productRef = 0D371FDB25AB854F00E4D723 /* PureSwiftUITools */; };
		0D39B3F025AA9EB600B42A84 /* AppDelegate.swift in Sources */ = {isa = PBXBuildFile; fileRef = 0D39B3EF25AA9EB600B42A84 /* AppDelegate.swift */; };
		0D39B3F225AA9EB600B42A84 /* SceneDelegate.swift in Sources */ = {isa = PBXBuildFile; fileRef = 0D39B3F125AA9EB600B42A84 /* SceneDelegate.swift */; };
		0D39B3F425AA9EB600B42A84 /* HomeScreen.swift in Sources */ = {isa = PBXBuildFile; fileRef = 0D39B3F325AA9EB600B42A84 /* HomeScreen.swift */; };
		0D39B3F625AA9EB700B42A84 /* Assets.xcassets in Resources */ = {isa = PBXBuildFile; fileRef = 0D39B3F525AA9EB700B42A84 /* Assets.xcassets */; };
		0D39B3F925AA9EB700B42A84 /* Preview Assets.xcassets in Resources */ = {isa = PBXBuildFile; fileRef = 0D39B3F825AA9EB700B42A84 /* Preview Assets.xcassets */; };
		0D39B3FC25AA9EB700B42A84 /* LaunchScreen.storyboard in Resources */ = {isa = PBXBuildFile; fileRef = 0D39B3FA25AA9EB700B42A84 /* LaunchScreen.storyboard */; };
		0D39B40725AA9EB700B42A84 /* OldOSTests.swift in Sources */ = {isa = PBXBuildFile; fileRef = 0D39B40625AA9EB700B42A84 /* OldOSTests.swift */; };
		0D39B41225AA9EB700B42A84 /* OldOSUITests.swift in Sources */ = {isa = PBXBuildFile; fileRef = 0D39B41125AA9EB700B42A84 /* OldOSUITests.swift */; };
		0D4BBF5325B2105000FCFB2E /* Settings.swift in Sources */ = {isa = PBXBuildFile; fileRef = 0D4BBF5225B2105000FCFB2E /* Settings.swift */; };
		0D50B65E2620DC020046F006 /* Weather.swift in Sources */ = {isa = PBXBuildFile; fileRef = 0D50B65D2620DC020046F006 /* Weather.swift */; };
		0D53C5B225AF58D000B775ED /* LocationProvider in Frameworks */ = {isa = PBXBuildFile; productRef = 0D53C5B125AF58D000B775ED /* LocationProvider */; };
		0D80443E265C4CC500000171 /* Camera.swift in Sources */ = {isa = PBXBuildFile; fileRef = 0D80443D265C4CC500000171 /* Camera.swift */; };
		0D804449265C694C00000171 /* Youtube.swift in Sources */ = {isa = PBXBuildFile; fileRef = 0D804448265C694C00000171 /* Youtube.swift */; };
		0D804451265C705200000171 /* Contacts.swift in Sources */ = {isa = PBXBuildFile; fileRef = 0D804450265C705200000171 /* Contacts.swift */; };
		0D804456265C78C500000171 /* Messages.swift in Sources */ = {isa = PBXBuildFile; fileRef = 0D804455265C78C500000171 /* Messages.swift */; };
		0D80447D26628BF100000171 /* begin_video_record.caf in Resources */ = {isa = PBXBuildFile; fileRef = 0D80447B26628BF000000171 /* begin_video_record.caf */; };
		0D80447E26628BF100000171 /* end_video_record.caf in Resources */ = {isa = PBXBuildFile; fileRef = 0D80447C26628BF100000171 /* end_video_record.caf */; };
		0D8044832662956100000171 /* Photos.swift in Sources */ = {isa = PBXBuildFile; fileRef = 0D8044822662956100000171 /* Photos.swift */; };
		0D80448B26653CE200000171 /* Stocks.swift in Sources */ = {isa = PBXBuildFile; fileRef = 0D80448A26653CE200000171 /* Stocks.swift */; };
		0D8045052669CAB900000171 /* Camera-SwiftUI in Frameworks */ = {isa = PBXBuildFile; productRef = 0D8045042669CAB900000171 /* Camera-SwiftUI */; };
		0D80450A266A924B00000171 /* Calendar.swift in Sources */ = {isa = PBXBuildFile; fileRef = 0D804509266A924B00000171 /* Calendar.swift */; };
		0D818BCE25EDDFFB00824F8E /* dtmf-0.caf in Resources */ = {isa = PBXBuildFile; fileRef = 0D818BCA25EDDF0700824F8E /* dtmf-0.caf */; };
		0D818BE125EDF98300824F8E /* dtmf-8.caf in Resources */ = {isa = PBXBuildFile; fileRef = 0D818BDB25EDF8C000824F8E /* dtmf-8.caf */; };
		0D818BE225EDF98300824F8E /* dtmf-9.caf in Resources */ = {isa = PBXBuildFile; fileRef = 0D818BD825EDF8BF00824F8E /* dtmf-9.caf */; };
		0D818BE325EDF98300824F8E /* dtmf-star.caf in Resources */ = {isa = PBXBuildFile; fileRef = 0D818BD425EDF8BE00824F8E /* dtmf-star.caf */; };
		0D818BE425EDF98300824F8E /* dtmf-2.caf in Resources */ = {isa = PBXBuildFile; fileRef = 0D818BDC25EDF8C000824F8E /* dtmf-2.caf */; };
		0D818BE525EDF98300824F8E /* dtmf-6.caf in Resources */ = {isa = PBXBuildFile; fileRef = 0D818BD725EDF8BF00824F8E /* dtmf-6.caf */; };
		0D818BE625EDF98300824F8E /* dtmf-pound.caf in Resources */ = {isa = PBXBuildFile; fileRef = 0D818BDA25EDF8C000824F8E /* dtmf-pound.caf */; };
		0D818BE725EDF98300824F8E /* dtmf-4.caf in Resources */ = {isa = PBXBuildFile; fileRef = 0D818BD525EDF8BE00824F8E /* dtmf-4.caf */; };
		0D818BE825EDF98300824F8E /* dtmf-5.caf in Resources */ = {isa = PBXBuildFile; fileRef = 0D818BD925EDF8BF00824F8E /* dtmf-5.caf */; };
		0D818BE925EDF98300824F8E /* dtmf-1.caf in Resources */ = {isa = PBXBuildFile; fileRef = 0D818BD625EDF8BF00824F8E /* dtmf-1.caf */; };
		0D818BEA25EDF98300824F8E /* dtmf-7.caf in Resources */ = {isa = PBXBuildFile; fileRef = 0D818BD325EDF8BE00824F8E /* dtmf-7.caf */; };
		0D818BEB25EDF98300824F8E /* dtmf-3.caf in Resources */ = {isa = PBXBuildFile; fileRef = 0D818BDD25EDF8C100824F8E /* dtmf-3.caf */; };
		0D818C0825F09D4200824F8E /* ImageColors.swift in Sources */ = {isa = PBXBuildFile; fileRef = 0D818C0725F09D4200824F8E /* ImageColors.swift */; };
		0D818C2125F67DD900824F8E /* GameCenter.swift in Sources */ = {isa = PBXBuildFile; fileRef = 0D818C2025F67DD900824F8E /* GameCenter.swift */; };
		0D818C2825F7307F00824F8E /* Phosphate-Inline.ttf in Resources */ = {isa = PBXBuildFile; fileRef = 0D818C2625F7307F00824F8E /* Phosphate-Inline.ttf */; };
		0D818C2925F7307F00824F8E /* Superclarendon Bold.ttf in Resources */ = {isa = PBXBuildFile; fileRef = 0D818C2725F7307F00824F8E /* Superclarendon Bold.ttf */; };
		0D818C3125F7D79900824F8E /* Hackensack.ttf in Resources */ = {isa = PBXBuildFile; fileRef = 0D818C2D25F7308300824F8E /* Hackensack.ttf */; };
		0D818C3625F92A9200824F8E /* GameKit.framework in Frameworks */ = {isa = PBXBuildFile; fileRef = 0D818C3525F92A9200824F8E /* GameKit.framework */; };
		0D818C802600500B00824F8E /* AppStore.swift in Sources */ = {isa = PBXBuildFile; fileRef = 0D818C7F2600500B00824F8E /* AppStore.swift */; };
		0D818C862603FCDA00824F8E /* FeedKit in Frameworks */ = {isa = PBXBuildFile; productRef = 0D818C852603FCDA00824F8E /* FeedKit */; };
		0D818C8C26059B4500824F8E /* SDWebImageSwiftUI in Frameworks */ = {isa = PBXBuildFile; productRef = 0D818C8B26059B4500824F8E /* SDWebImageSwiftUI */; };
		0DB3F0A92683D0E300FBFAD8 /* ImageMoveAndScale.swift in Sources */ = {isa = PBXBuildFile; fileRef = 0DB3F0A72683D0E200FBFAD8 /* ImageMoveAndScale.swift */; };
		0DB3F0AA2683D0E300FBFAD8 /* ImageMoveAndScale+Extensions.swift in Sources */ = {isa = PBXBuildFile; fileRef = 0DB3F0A82683D0E300FBFAD8 /* ImageMoveAndScale+Extensions.swift */; };
		0DD19EEF2675418600A3EEF8 /* unlock.aiff in Resources */ = {isa = PBXBuildFile; fileRef = 0DD19EEE2675418600A3EEF8 /* unlock.aiff */; };
		0DDBD2142624FF6600106345 /* cities.json in Resources */ = {isa = PBXBuildFile; fileRef = 0DDBD2132624FF6600106345 /* cities.json */; };
		0DEF66F6260CFBF800341037 /* iTunes.swift in Sources */ = {isa = PBXBuildFile; fileRef = 0DEF66F5260CFBF800341037 /* iTunes.swift */; };
		0DEF66FB2610240F00341037 /* style.css in Resources */ = {isa = PBXBuildFile; fileRef = 0DEF66FA2610240F00341037 /* style.css */; };
		0DEF67072610F50500341037 /* Alamofire in Frameworks */ = {isa = PBXBuildFile; productRef = 0DEF67062610F50500341037 /* Alamofire */; };
		0DEF6710261101AE00341037 /* SearchPlistCodable.swift in Sources */ = {isa = PBXBuildFile; fileRef = 0DEF670F261101AE00341037 /* SearchPlistCodable.swift */; };
		0DEF6715261279A200341037 /* Notes.swift in Sources */ = {isa = PBXBuildFile; fileRef = 0DEF6714261279A200341037 /* Notes.swift */; };
		0DEF67242613CBDE00341037 /* DALinedTextView.m in Sources */ = {isa = PBXBuildFile; fileRef = 0DEF67232613CBDE00341037 /* DALinedTextView.m */; };
		0DEF67352617668200341037 /* Note.xcdatamodeld in Sources */ = {isa = PBXBuildFile; fileRef = 0DEF67332617668200341037 /* Note.xcdatamodeld */; };
/* End PBXBuildFile section */

/* Begin PBXContainerItemProxy section */
		0D39B40325AA9EB700B42A84 /* PBXContainerItemProxy */ = {
			isa = PBXContainerItemProxy;
			containerPortal = 0D39B3E425AA9EB600B42A84 /* Project object */;
			proxyType = 1;
			remoteGlobalIDString = 0D39B3EB25AA9EB600B42A84;
			remoteInfo = OldOS;
		};
		0D39B40E25AA9EB700B42A84 /* PBXContainerItemProxy */ = {
			isa = PBXContainerItemProxy;
			containerPortal = 0D39B3E425AA9EB600B42A84 /* Project object */;
			proxyType = 1;
			remoteGlobalIDString = 0D39B3EB25AA9EB600B42A84;
			remoteInfo = OldOS;
		};
/* End PBXContainerItemProxy section */

/* Begin PBXFileReference section */
		0D0FB49B262A427A008AE4C5 /* Maps.swift */ = {isa = PBXFileReference; lastKnownFileType = sourcecode.swift; path = Maps.swift; sourceTree = "<group>"; };
		0D0FB4E2262A75E5008AE4C5 /* XBPageCurlView.m */ = {isa = PBXFileReference; fileEncoding = 4; lastKnownFileType = sourcecode.c.objc; path = XBPageCurlView.m; sourceTree = "<group>"; };
		0D0FB4E3262A75E5008AE4C5 /* XBPageDragView.h */ = {isa = PBXFileReference; fileEncoding = 4; lastKnownFileType = sourcecode.c.h; path = XBPageDragView.h; sourceTree = "<group>"; };
		0D0FB4E4262A75E6008AE4C5 /* XBPageCurlView.h */ = {isa = PBXFileReference; fileEncoding = 4; lastKnownFileType = sourcecode.c.h; path = XBPageCurlView.h; sourceTree = "<group>"; };
		0D0FB4E5262A75E6008AE4C5 /* XBAnimation.h */ = {isa = PBXFileReference; fileEncoding = 4; lastKnownFileType = sourcecode.c.h; path = XBAnimation.h; sourceTree = "<group>"; };
		0D0FB4E6262A75E7008AE4C5 /* XBAnimationManager.m */ = {isa = PBXFileReference; fileEncoding = 4; lastKnownFileType = sourcecode.c.objc; path = XBAnimationManager.m; sourceTree = "<group>"; };
		0D0FB4E7262A75E7008AE4C5 /* XBSnappingPoint.m */ = {isa = PBXFileReference; fileEncoding = 4; lastKnownFileType = sourcecode.c.objc; path = XBSnappingPoint.m; sourceTree = "<group>"; };
		0D0FB4E8262A75E8008AE4C5 /* XBAnimation.m */ = {isa = PBXFileReference; fileEncoding = 4; lastKnownFileType = sourcecode.c.objc; path = XBAnimation.m; sourceTree = "<group>"; };
		0D0FB4E9262A75E8008AE4C5 /* XBSnappingPoint.h */ = {isa = PBXFileReference; fileEncoding = 4; lastKnownFileType = sourcecode.c.h; path = XBSnappingPoint.h; sourceTree = "<group>"; };
		0D0FB4EA262A75E9008AE4C5 /* CGPointAdditions.c */ = {isa = PBXFileReference; fileEncoding = 4; lastKnownFileType = sourcecode.c.c; path = CGPointAdditions.c; sourceTree = "<group>"; };
		0D0FB4EB262A75E9008AE4C5 /* XBCurlView.h */ = {isa = PBXFileReference; fileEncoding = 4; lastKnownFileType = sourcecode.c.h; path = XBCurlView.h; sourceTree = "<group>"; };
		0D0FB4EC262A75EA008AE4C5 /* CGPointAdditions.h */ = {isa = PBXFileReference; fileEncoding = 4; lastKnownFileType = sourcecode.c.h; path = CGPointAdditions.h; sourceTree = "<group>"; };
		0D0FB4ED262A75EA008AE4C5 /* XBPageDragView.m */ = {isa = PBXFileReference; fileEncoding = 4; lastKnownFileType = sourcecode.c.objc; path = XBPageDragView.m; sourceTree = "<group>"; };
		0D0FB4EE262A75EB008AE4C5 /* XBCurlView.m */ = {isa = PBXFileReference; fileEncoding = 4; lastKnownFileType = sourcecode.c.objc; path = XBCurlView.m; sourceTree = "<group>"; };
		0D0FB4EF262A75EB008AE4C5 /* XBAnimationManager.h */ = {isa = PBXFileReference; fileEncoding = 4; lastKnownFileType = sourcecode.c.h; path = XBAnimationManager.h; sourceTree = "<group>"; };
		0D0FB4FA262A75F0008AE4C5 /* FrontVertexShader.glsl */ = {isa = PBXFileReference; fileEncoding = 4; lastKnownFileType = text; path = FrontVertexShader.glsl; sourceTree = "<group>"; };
		0D0FB4FB262A75F1008AE4C5 /* BackPageGradient.png */ = {isa = PBXFileReference; lastKnownFileType = image.png; path = BackPageGradient.png; sourceTree = "<group>"; };
		0D0FB4FC262A75F1008AE4C5 /* NextPageFragmentShader.glsl */ = {isa = PBXFileReference; fileEncoding = 4; lastKnownFileType = text; path = NextPageFragmentShader.glsl; sourceTree = "<group>"; };
		0D0FB4FD262A75F1008AE4C5 /* BackFragmentShader.glsl */ = {isa = PBXFileReference; fileEncoding = 4; lastKnownFileType = text; path = BackFragmentShader.glsl; sourceTree = "<group>"; };
		0D0FB4FE262A75F2008AE4C5 /* NextPageNoTextureVertexShader.glsl */ = {isa = PBXFileReference; fileEncoding = 4; lastKnownFileType = text; path = NextPageNoTextureVertexShader.glsl; sourceTree = "<group>"; };
		0D0FB4FF262A75F2008AE4C5 /* NextPageVertexShader.glsl */ = {isa = PBXFileReference; fileEncoding = 4; lastKnownFileType = text; path = NextPageVertexShader.glsl; sourceTree = "<group>"; };
		0D0FB500262A75F3008AE4C5 /* BackVertexShader.glsl */ = {isa = PBXFileReference; fileEncoding = 4; lastKnownFileType = text; path = BackVertexShader.glsl; sourceTree = "<group>"; };
		0D0FB501262A75F3008AE4C5 /* FrontFragmentShader.glsl */ = {isa = PBXFileReference; fileEncoding = 4; lastKnownFileType = text; path = FrontFragmentShader.glsl; sourceTree = "<group>"; };
		0D0FB502262A75F4008AE4C5 /* NextPageNoTextureFragmentShader.glsl */ = {isa = PBXFileReference; fileEncoding = 4; lastKnownFileType = text; path = NextPageNoTextureFragmentShader.glsl; sourceTree = "<group>"; };
		0D11D84D25E19F9400AB2F2B /* Safari.swift */ = {isa = PBXFileReference; lastKnownFileType = sourcecode.swift; path = Safari.swift; sourceTree = "<group>"; };
		0D11D88225EC009B00AB2F2B /* Mail.swift */ = {isa = PBXFileReference; lastKnownFileType = sourcecode.swift; path = Mail.swift; sourceTree = "<group>"; };
		0D11D88A25EC593900AB2F2B /* Phone.swift */ = {isa = PBXFileReference; lastKnownFileType = sourcecode.swift; path = Phone.swift; sourceTree = "<group>"; };
		0D11D89025EDD2BA00AB2F2B /* PhoneNumberFormatRule.swift */ = {isa = PBXFileReference; fileEncoding = 4; lastKnownFileType = sourcecode.swift; path = PhoneNumberFormatRule.swift; sourceTree = "<group>"; };
		0D11D89125EDD2BA00AB2F2B /* USRuleset.swift */ = {isa = PBXFileReference; fileEncoding = 4; lastKnownFileType = sourcecode.swift; path = USRuleset.swift; sourceTree = "<group>"; };
		0D11D89225EDD2BB00AB2F2B /* PhoneFormatter.swift */ = {isa = PBXFileReference; fileEncoding = 4; lastKnownFileType = sourcecode.swift; path = PhoneFormatter.swift; sourceTree = "<group>"; };
		0D11D89325EDD2BB00AB2F2B /* PhoneFormatType.swift */ = {isa = PBXFileReference; fileEncoding = 4; lastKnownFileType = sourcecode.swift; path = PhoneFormatType.swift; sourceTree = "<group>"; };
		0D11D89425EDD2BB00AB2F2B /* PhoneFormatSeparator.swift */ = {isa = PBXFileReference; fileEncoding = 4; lastKnownFileType = sourcecode.swift; path = PhoneFormatSeparator.swift; sourceTree = "<group>"; };
		0D11D89525EDD2BC00AB2F2B /* PhoneFormatRuleset.swift */ = {isa = PBXFileReference; fileEncoding = 4; lastKnownFileType = sourcecode.swift; path = PhoneFormatRuleset.swift; sourceTree = "<group>"; };
		0D289FB625B2030900B242EF /* Common.swift */ = {isa = PBXFileReference; lastKnownFileType = sourcecode.swift; path = Common.swift; sourceTree = "<group>"; };
		0D2D5CBE25C9C48500286707 /* iPod.swift */ = {isa = PBXFileReference; lastKnownFileType = sourcecode.swift; path = iPod.swift; sourceTree = "<group>"; };
		0D371FD525AB7B6D00E4D723 /* LockScreen.swift */ = {isa = PBXFileReference; lastKnownFileType = sourcecode.swift; path = LockScreen.swift; sourceTree = "<group>"; };
		0D37201325AD0C0100E4D723 /* OldOS.entitlements */ = {isa = PBXFileReference; lastKnownFileType = text.plist.entitlements; path = OldOS.entitlements; sourceTree = "<group>"; };
		0D39B3EC25AA9EB600B42A84 /* OldOS.app */ = {isa = PBXFileReference; explicitFileType = wrapper.application; includeInIndex = 0; path = OldOS.app; sourceTree = BUILT_PRODUCTS_DIR; };
		0D39B3EF25AA9EB600B42A84 /* AppDelegate.swift */ = {isa = PBXFileReference; lastKnownFileType = sourcecode.swift; path = AppDelegate.swift; sourceTree = "<group>"; };
		0D39B3F125AA9EB600B42A84 /* SceneDelegate.swift */ = {isa = PBXFileReference; lastKnownFileType = sourcecode.swift; path = SceneDelegate.swift; sourceTree = "<group>"; };
		0D39B3F325AA9EB600B42A84 /* HomeScreen.swift */ = {isa = PBXFileReference; lastKnownFileType = sourcecode.swift; path = HomeScreen.swift; sourceTree = "<group>"; };
		0D39B3F525AA9EB700B42A84 /* Assets.xcassets */ = {isa = PBXFileReference; lastKnownFileType = folder.assetcatalog; path = Assets.xcassets; sourceTree = "<group>"; };
		0D39B3F825AA9EB700B42A84 /* Preview Assets.xcassets */ = {isa = PBXFileReference; lastKnownFileType = folder.assetcatalog; path = "Preview Assets.xcassets"; sourceTree = "<group>"; };
		0D39B3FB25AA9EB700B42A84 /* Base */ = {isa = PBXFileReference; lastKnownFileType = file.storyboard; name = Base; path = Base.lproj/LaunchScreen.storyboard; sourceTree = "<group>"; };
		0D39B3FD25AA9EB700B42A84 /* Info.plist */ = {isa = PBXFileReference; lastKnownFileType = text.plist.xml; path = Info.plist; sourceTree = "<group>"; };
		0D39B40225AA9EB700B42A84 /* OldOSTests.xctest */ = {isa = PBXFileReference; explicitFileType = wrapper.cfbundle; includeInIndex = 0; path = OldOSTests.xctest; sourceTree = BUILT_PRODUCTS_DIR; };
		0D39B40625AA9EB700B42A84 /* OldOSTests.swift */ = {isa = PBXFileReference; lastKnownFileType = sourcecode.swift; path = OldOSTests.swift; sourceTree = "<group>"; };
		0D39B40825AA9EB700B42A84 /* Info.plist */ = {isa = PBXFileReference; lastKnownFileType = text.plist.xml; path = Info.plist; sourceTree = "<group>"; };
		0D39B40D25AA9EB700B42A84 /* OldOSUITests.xctest */ = {isa = PBXFileReference; explicitFileType = wrapper.cfbundle; includeInIndex = 0; path = OldOSUITests.xctest; sourceTree = BUILT_PRODUCTS_DIR; };
		0D39B41125AA9EB700B42A84 /* OldOSUITests.swift */ = {isa = PBXFileReference; lastKnownFileType = sourcecode.swift; path = OldOSUITests.swift; sourceTree = "<group>"; };
		0D39B41325AA9EB700B42A84 /* Info.plist */ = {isa = PBXFileReference; lastKnownFileType = text.plist.xml; path = Info.plist; sourceTree = "<group>"; };
		0D4BBF5225B2105000FCFB2E /* Settings.swift */ = {isa = PBXFileReference; lastKnownFileType = sourcecode.swift; path = Settings.swift; sourceTree = "<group>"; };
		0D50B65D2620DC020046F006 /* Weather.swift */ = {isa = PBXFileReference; lastKnownFileType = sourcecode.swift; path = Weather.swift; sourceTree = "<group>"; };
		0D80443D265C4CC500000171 /* Camera.swift */ = {isa = PBXFileReference; lastKnownFileType = sourcecode.swift; path = Camera.swift; sourceTree = "<group>"; };
		0D804448265C694C00000171 /* Youtube.swift */ = {isa = PBXFileReference; lastKnownFileType = sourcecode.swift; path = Youtube.swift; sourceTree = "<group>"; };
		0D804450265C705200000171 /* Contacts.swift */ = {isa = PBXFileReference; lastKnownFileType = sourcecode.swift; path = Contacts.swift; sourceTree = "<group>"; };
		0D804455265C78C500000171 /* Messages.swift */ = {isa = PBXFileReference; lastKnownFileType = sourcecode.swift; path = Messages.swift; sourceTree = "<group>"; };
		0D80447B26628BF000000171 /* begin_video_record.caf */ = {isa = PBXFileReference; lastKnownFileType = file; path = begin_video_record.caf; sourceTree = "<group>"; };
		0D80447C26628BF100000171 /* end_video_record.caf */ = {isa = PBXFileReference; lastKnownFileType = file; path = end_video_record.caf; sourceTree = "<group>"; };
		0D8044822662956100000171 /* Photos.swift */ = {isa = PBXFileReference; lastKnownFileType = sourcecode.swift; path = Photos.swift; sourceTree = "<group>"; };
		0D80448A26653CE200000171 /* Stocks.swift */ = {isa = PBXFileReference; lastKnownFileType = sourcecode.swift; path = Stocks.swift; sourceTree = "<group>"; };
		0D804509266A924B00000171 /* Calendar.swift */ = {isa = PBXFileReference; lastKnownFileType = sourcecode.swift; path = Calendar.swift; sourceTree = "<group>"; };
		0D818BCA25EDDF0700824F8E /* dtmf-0.caf */ = {isa = PBXFileReference; lastKnownFileType = file; path = "dtmf-0.caf"; sourceTree = "<group>"; };
		0D818BD325EDF8BE00824F8E /* dtmf-7.caf */ = {isa = PBXFileReference; lastKnownFileType = file; path = "dtmf-7.caf"; sourceTree = "<group>"; };
		0D818BD425EDF8BE00824F8E /* dtmf-star.caf */ = {isa = PBXFileReference; lastKnownFileType = file; path = "dtmf-star.caf"; sourceTree = "<group>"; };
		0D818BD525EDF8BE00824F8E /* dtmf-4.caf */ = {isa = PBXFileReference; lastKnownFileType = file; path = "dtmf-4.caf"; sourceTree = "<group>"; };
		0D818BD625EDF8BF00824F8E /* dtmf-1.caf */ = {isa = PBXFileReference; lastKnownFileType = file; path = "dtmf-1.caf"; sourceTree = "<group>"; };
		0D818BD725EDF8BF00824F8E /* dtmf-6.caf */ = {isa = PBXFileReference; lastKnownFileType = file; path = "dtmf-6.caf"; sourceTree = "<group>"; };
		0D818BD825EDF8BF00824F8E /* dtmf-9.caf */ = {isa = PBXFileReference; lastKnownFileType = file; path = "dtmf-9.caf"; sourceTree = "<group>"; };
		0D818BD925EDF8BF00824F8E /* dtmf-5.caf */ = {isa = PBXFileReference; lastKnownFileType = file; path = "dtmf-5.caf"; sourceTree = "<group>"; };
		0D818BDA25EDF8C000824F8E /* dtmf-pound.caf */ = {isa = PBXFileReference; lastKnownFileType = file; path = "dtmf-pound.caf"; sourceTree = "<group>"; };
		0D818BDB25EDF8C000824F8E /* dtmf-8.caf */ = {isa = PBXFileReference; lastKnownFileType = file; path = "dtmf-8.caf"; sourceTree = "<group>"; };
		0D818BDC25EDF8C000824F8E /* dtmf-2.caf */ = {isa = PBXFileReference; lastKnownFileType = file; path = "dtmf-2.caf"; sourceTree = "<group>"; };
		0D818BDD25EDF8C100824F8E /* dtmf-3.caf */ = {isa = PBXFileReference; lastKnownFileType = file; path = "dtmf-3.caf"; sourceTree = "<group>"; };
		0D818C0725F09D4200824F8E /* ImageColors.swift */ = {isa = PBXFileReference; lastKnownFileType = sourcecode.swift; path = ImageColors.swift; sourceTree = "<group>"; };
		0D818C2025F67DD900824F8E /* GameCenter.swift */ = {isa = PBXFileReference; lastKnownFileType = sourcecode.swift; path = GameCenter.swift; sourceTree = "<group>"; };
		0D818C2625F7307F00824F8E /* Phosphate-Inline.ttf */ = {isa = PBXFileReference; lastKnownFileType = file; path = "Phosphate-Inline.ttf"; sourceTree = "<group>"; };
		0D818C2725F7307F00824F8E /* Superclarendon Bold.ttf */ = {isa = PBXFileReference; lastKnownFileType = file; path = "Superclarendon Bold.ttf"; sourceTree = "<group>"; };
		0D818C2D25F7308300824F8E /* Hackensack.ttf */ = {isa = PBXFileReference; lastKnownFileType = file; path = Hackensack.ttf; sourceTree = "<group>"; };
		0D818C3525F92A9200824F8E /* GameKit.framework */ = {isa = PBXFileReference; lastKnownFileType = wrapper.framework; name = GameKit.framework; path = System/Library/Frameworks/GameKit.framework; sourceTree = SDKROOT; };
		0D818C7F2600500B00824F8E /* AppStore.swift */ = {isa = PBXFileReference; lastKnownFileType = sourcecode.swift; path = AppStore.swift; sourceTree = "<group>"; };
		0DB3F0A72683D0E200FBFAD8 /* ImageMoveAndScale.swift */ = {isa = PBXFileReference; fileEncoding = 4; lastKnownFileType = sourcecode.swift; path = ImageMoveAndScale.swift; sourceTree = "<group>"; };
		0DB3F0A82683D0E300FBFAD8 /* ImageMoveAndScale+Extensions.swift */ = {isa = PBXFileReference; fileEncoding = 4; lastKnownFileType = sourcecode.swift; path = "ImageMoveAndScale+Extensions.swift"; sourceTree = "<group>"; };
		0DD19EEE2675418600A3EEF8 /* unlock.aiff */ = {isa = PBXFileReference; lastKnownFileType = audio.aiff; path = unlock.aiff; sourceTree = "<group>"; };
		0DDBD2132624FF6600106345 /* cities.json */ = {isa = PBXFileReference; fileEncoding = 4; lastKnownFileType = text.json; path = cities.json; sourceTree = "<group>"; };
		0DE37D4B267058C9001196E3 /* Camera-SwiftUI-main */ = {isa = PBXFileReference; lastKnownFileType = folder; path = "Camera-SwiftUI-main"; sourceTree = "<group>"; };
		0DEF66F5260CFBF800341037 /* iTunes.swift */ = {isa = PBXFileReference; lastKnownFileType = sourcecode.swift; path = iTunes.swift; sourceTree = "<group>"; };
		0DEF66FA2610240F00341037 /* style.css */ = {isa = PBXFileReference; lastKnownFileType = text.css; path = style.css; sourceTree = "<group>"; };
		0DEF670F261101AE00341037 /* SearchPlistCodable.swift */ = {isa = PBXFileReference; lastKnownFileType = sourcecode.swift; path = SearchPlistCodable.swift; sourceTree = "<group>"; };
		0DEF6714261279A200341037 /* Notes.swift */ = {isa = PBXFileReference; lastKnownFileType = sourcecode.swift; path = Notes.swift; sourceTree = "<group>"; };
		0DEF671E2613CBDC00341037 /* OldOS-Bridging-Header.h */ = {isa = PBXFileReference; lastKnownFileType = sourcecode.c.h; path = "OldOS-Bridging-Header.h"; sourceTree = "<group>"; };
		0DEF671F2613CBDD00341037 /* DALinedTextView.h */ = {isa = PBXFileReference; fileEncoding = 4; lastKnownFileType = sourcecode.c.h; path = DALinedTextView.h; sourceTree = "<group>"; };
		0DEF67232613CBDE00341037 /* DALinedTextView.m */ = {isa = PBXFileReference; fileEncoding = 4; lastKnownFileType = sourcecode.c.objc; path = DALinedTextView.m; sourceTree = "<group>"; };
		0DEF67342617668200341037 /* Note.xcdatamodel */ = {isa = PBXFileReference; lastKnownFileType = wrapper.xcdatamodel; path = Note.xcdatamodel; sourceTree = "<group>"; };
/* End PBXFileReference section */

/* Begin PBXFrameworksBuildPhase section */
		0D39B3E925AA9EB600B42A84 /* Frameworks */ = {
			isa = PBXFrameworksBuildPhase;
			buildActionMask = 2147483647;
			files = (
				0D8045052669CAB900000171 /* Camera-SwiftUI in Frameworks */,
				0D818C8C26059B4500824F8E /* SDWebImageSwiftUI in Frameworks */,
				0D11D85A25E1F9A500AB2F2B /* SwiftyJSON in Frameworks */,
				0D53C5B225AF58D000B775ED /* LocationProvider in Frameworks */,
				0D11D86F25E34EBE00AB2F2B /* SwiftUIPager in Frameworks */,
				0DEF67072610F50500341037 /* Alamofire in Frameworks */,
				0D11D86625E2BC0C00AB2F2B /* Introspect in Frameworks */,
				0D818C862603FCDA00824F8E /* FeedKit in Frameworks */,
				0D371FDC25AB854F00E4D723 /* PureSwiftUITools in Frameworks */,
				0D818C3625F92A9200824F8E /* GameKit.framework in Frameworks */,
			);
			runOnlyForDeploymentPostprocessing = 0;
		};
		0D39B3FF25AA9EB700B42A84 /* Frameworks */ = {
			isa = PBXFrameworksBuildPhase;
			buildActionMask = 2147483647;
			files = (
			);
			runOnlyForDeploymentPostprocessing = 0;
		};
		0D39B40A25AA9EB700B42A84 /* Frameworks */ = {
			isa = PBXFrameworksBuildPhase;
			buildActionMask = 2147483647;
			files = (
			);
			runOnlyForDeploymentPostprocessing = 0;
		};
/* End PBXFrameworksBuildPhase section */

/* Begin PBXGroup section */
		0D0FB4A3262A4FC9008AE4C5 /* Page Curl */ = {
			isa = PBXGroup;
			children = (
				0D0FB4EA262A75E9008AE4C5 /* CGPointAdditions.c */,
				0D0FB4EC262A75EA008AE4C5 /* CGPointAdditions.h */,
				0D0FB4E5262A75E6008AE4C5 /* XBAnimation.h */,
				0D0FB4E8262A75E8008AE4C5 /* XBAnimation.m */,
				0D0FB4EF262A75EB008AE4C5 /* XBAnimationManager.h */,
				0D0FB4E6262A75E7008AE4C5 /* XBAnimationManager.m */,
				0D0FB4EB262A75E9008AE4C5 /* XBCurlView.h */,
				0D0FB4EE262A75EB008AE4C5 /* XBCurlView.m */,
				0D0FB4E4262A75E6008AE4C5 /* XBPageCurlView.h */,
				0D0FB4E2262A75E5008AE4C5 /* XBPageCurlView.m */,
				0D0FB4E3262A75E5008AE4C5 /* XBPageDragView.h */,
				0D0FB4FD262A75F1008AE4C5 /* BackFragmentShader.glsl */,
				0D0FB4FB262A75F1008AE4C5 /* BackPageGradient.png */,
				0D0FB500262A75F3008AE4C5 /* BackVertexShader.glsl */,
				0D0FB501262A75F3008AE4C5 /* FrontFragmentShader.glsl */,
				0D0FB4FA262A75F0008AE4C5 /* FrontVertexShader.glsl */,
				0D0FB4FC262A75F1008AE4C5 /* NextPageFragmentShader.glsl */,
				0D0FB502262A75F4008AE4C5 /* NextPageNoTextureFragmentShader.glsl */,
				0D0FB4FE262A75F2008AE4C5 /* NextPageNoTextureVertexShader.glsl */,
				0D0FB4FF262A75F2008AE4C5 /* NextPageVertexShader.glsl */,
				0D0FB4ED262A75EA008AE4C5 /* XBPageDragView.m */,
				0D0FB4E9262A75E8008AE4C5 /* XBSnappingPoint.h */,
				0D0FB4E7262A75E7008AE4C5 /* XBSnappingPoint.m */,
			);
			path = "Page Curl";
			sourceTree = "<group>";
		};
		0D11D88F25EDD2B100AB2F2B /* PhoneFormatter */ = {
			isa = PBXGroup;
			children = (
				0D11D89525EDD2BC00AB2F2B /* PhoneFormatRuleset.swift */,
				0D11D89425EDD2BB00AB2F2B /* PhoneFormatSeparator.swift */,
				0D11D89225EDD2BB00AB2F2B /* PhoneFormatter.swift */,
				0D11D89325EDD2BB00AB2F2B /* PhoneFormatType.swift */,
				0D11D89025EDD2BA00AB2F2B /* PhoneNumberFormatRule.swift */,
				0D11D89125EDD2BA00AB2F2B /* USRuleset.swift */,
				0D818C0725F09D4200824F8E /* ImageColors.swift */,
			);
			path = PhoneFormatter;
			sourceTree = "<group>";
		};
		0D371FE025AB863B00E4D723 /* Frameworks */ = {
			isa = PBXGroup;
			children = (
				0D818C3525F92A9200824F8E /* GameKit.framework */,
			);
			name = Frameworks;
			sourceTree = "<group>";
		};
		0D39B3E325AA9EB600B42A84 = {
			isa = PBXGroup;
			children = (
				0D39B3EE25AA9EB600B42A84 /* OldOS */,
				0D39B40525AA9EB700B42A84 /* OldOSTests */,
				0D39B41025AA9EB700B42A84 /* OldOSUITests */,
				0D39B3ED25AA9EB600B42A84 /* Products */,
				0D371FE025AB863B00E4D723 /* Frameworks */,
			);
			sourceTree = "<group>";
		};
		0D39B3ED25AA9EB600B42A84 /* Products */ = {
			isa = PBXGroup;
			children = (
				0D39B3EC25AA9EB600B42A84 /* OldOS.app */,
				0D39B40225AA9EB700B42A84 /* OldOSTests.xctest */,
				0D39B40D25AA9EB700B42A84 /* OldOSUITests.xctest */,
			);
			name = Products;
			sourceTree = "<group>";
		};
		0D39B3EE25AA9EB600B42A84 /* OldOS */ = {
			isa = PBXGroup;
			children = (
				0DEF66FA2610240F00341037 /* style.css */,
				0D37201325AD0C0100E4D723 /* OldOS.entitlements */,
				0D39B3EF25AA9EB600B42A84 /* AppDelegate.swift */,
				0D39B3F125AA9EB600B42A84 /* SceneDelegate.swift */,
				0D39B3F325AA9EB600B42A84 /* HomeScreen.swift */,
				0D371FD525AB7B6D00E4D723 /* LockScreen.swift */,
				0D4BBF5225B2105000FCFB2E /* Settings.swift */,
				0D289FB625B2030900B242EF /* Common.swift */,
				0D2D5CBE25C9C48500286707 /* iPod.swift */,
				0D11D84D25E19F9400AB2F2B /* Safari.swift */,
				0D11D88225EC009B00AB2F2B /* Mail.swift */,
				0D11D88A25EC593900AB2F2B /* Phone.swift */,
				0D818C2025F67DD900824F8E /* GameCenter.swift */,
				0D818C7F2600500B00824F8E /* AppStore.swift */,
				0DEF6714261279A200341037 /* Notes.swift */,
				0D50B65D2620DC020046F006 /* Weather.swift */,
				0D0FB49B262A427A008AE4C5 /* Maps.swift */,
				0D80443D265C4CC500000171 /* Camera.swift */,
				0D804448265C694C00000171 /* Youtube.swift */,
				0D804450265C705200000171 /* Contacts.swift */,
				0D804455265C78C500000171 /* Messages.swift */,
				0D8044822662956100000171 /* Photos.swift */,
				0D80448A26653CE200000171 /* Stocks.swift */,
				0DEF67332617668200341037 /* Note.xcdatamodeld */,
				0DEF66F5260CFBF800341037 /* iTunes.swift */,
				0DEF670F261101AE00341037 /* SearchPlistCodable.swift */,
				0D804509266A924B00000171 /* Calendar.swift */,
				0DDBD2132624FF6600106345 /* cities.json */,
				0DE37D4B267058C9001196E3 /* Camera-SwiftUI-main */,
				0D0FB4A3262A4FC9008AE4C5 /* Page Curl */,
				0DEF671D2613CBC100341037 /* TextView */,
				0D818C2525F7307100824F8E /* Fonts */,
				0D818BD225EDF89100824F8E /* Tones */,
				0D11D88F25EDD2B100AB2F2B /* PhoneFormatter */,
				0DB3F0A62683D0C300FBFAD8 /* PhotoCropper */,
				0D39B3F525AA9EB700B42A84 /* Assets.xcassets */,
				0D39B3FA25AA9EB700B42A84 /* LaunchScreen.storyboard */,
				0D39B3FD25AA9EB700B42A84 /* Info.plist */,
				0D39B3F725AA9EB700B42A84 /* Preview Content */,
			);
			path = OldOS;
			sourceTree = "<group>";
		};
		0D39B3F725AA9EB700B42A84 /* Preview Content */ = {
			isa = PBXGroup;
			children = (
				0D39B3F825AA9EB700B42A84 /* Preview Assets.xcassets */,
			);
			path = "Preview Content";
			sourceTree = "<group>";
		};
		0D39B40525AA9EB700B42A84 /* OldOSTests */ = {
			isa = PBXGroup;
			children = (
				0D39B40625AA9EB700B42A84 /* OldOSTests.swift */,
				0D39B40825AA9EB700B42A84 /* Info.plist */,
			);
			path = OldOSTests;
			sourceTree = "<group>";
		};
		0D39B41025AA9EB700B42A84 /* OldOSUITests */ = {
			isa = PBXGroup;
			children = (
				0D39B41125AA9EB700B42A84 /* OldOSUITests.swift */,
				0D39B41325AA9EB700B42A84 /* Info.plist */,
			);
			path = OldOSUITests;
			sourceTree = "<group>";
		};
		0D818BD225EDF89100824F8E /* Tones */ = {
			isa = PBXGroup;
			children = (
				0DD19EEE2675418600A3EEF8 /* unlock.aiff */,
				0D80447B26628BF000000171 /* begin_video_record.caf */,
				0D80447C26628BF100000171 /* end_video_record.caf */,
				0D818BCA25EDDF0700824F8E /* dtmf-0.caf */,
				0D818BD625EDF8BF00824F8E /* dtmf-1.caf */,
				0D818BDC25EDF8C000824F8E /* dtmf-2.caf */,
				0D818BDD25EDF8C100824F8E /* dtmf-3.caf */,
				0D818BD525EDF8BE00824F8E /* dtmf-4.caf */,
				0D818BD925EDF8BF00824F8E /* dtmf-5.caf */,
				0D818BD725EDF8BF00824F8E /* dtmf-6.caf */,
				0D818BD325EDF8BE00824F8E /* dtmf-7.caf */,
				0D818BDB25EDF8C000824F8E /* dtmf-8.caf */,
				0D818BD825EDF8BF00824F8E /* dtmf-9.caf */,
				0D818BDA25EDF8C000824F8E /* dtmf-pound.caf */,
				0D818BD425EDF8BE00824F8E /* dtmf-star.caf */,
			);
			path = Tones;
			sourceTree = "<group>";
		};
		0D818C2525F7307100824F8E /* Fonts */ = {
			isa = PBXGroup;
			children = (
				0D818C2625F7307F00824F8E /* Phosphate-Inline.ttf */,
				0D818C2D25F7308300824F8E /* Hackensack.ttf */,
				0D818C2725F7307F00824F8E /* Superclarendon Bold.ttf */,
			);
			path = Fonts;
			sourceTree = "<group>";
		};
		0DB3F0A62683D0C300FBFAD8 /* PhotoCropper */ = {
			isa = PBXGroup;
			children = (
				0DB3F0A72683D0E200FBFAD8 /* ImageMoveAndScale.swift */,
				0DB3F0A82683D0E300FBFAD8 /* ImageMoveAndScale+Extensions.swift */,
			);
			path = PhotoCropper;
			sourceTree = "<group>";
		};
		0DEF671D2613CBC100341037 /* TextView */ = {
			isa = PBXGroup;
			children = (
				0DEF671F2613CBDD00341037 /* DALinedTextView.h */,
				0DEF67232613CBDE00341037 /* DALinedTextView.m */,
				0DEF671E2613CBDC00341037 /* OldOS-Bridging-Header.h */,
			);
			path = TextView;
			sourceTree = "<group>";
		};
/* End PBXGroup section */

/* Begin PBXNativeTarget section */
		0D39B3EB25AA9EB600B42A84 /* OldOS */ = {
			isa = PBXNativeTarget;
			buildConfigurationList = 0D39B41625AA9EB700B42A84 /* Build configuration list for PBXNativeTarget "OldOS" */;
			buildPhases = (
				0D39B3E825AA9EB600B42A84 /* Sources */,
				0D39B3E925AA9EB600B42A84 /* Frameworks */,
				0D39B3EA25AA9EB600B42A84 /* Resources */,
			);
			buildRules = (
			);
			dependencies = (
			);
			name = OldOS;
			packageProductDependencies = (
				0D371FDB25AB854F00E4D723 /* PureSwiftUITools */,
				0D53C5B125AF58D000B775ED /* LocationProvider */,
				0D11D85925E1F9A500AB2F2B /* SwiftyJSON */,
				0D11D86525E2BC0C00AB2F2B /* Introspect */,
				0D11D86E25E34EBE00AB2F2B /* SwiftUIPager */,
				0D818C852603FCDA00824F8E /* FeedKit */,
				0D818C8B26059B4500824F8E /* SDWebImageSwiftUI */,
				0DEF67062610F50500341037 /* Alamofire */,
				0D8045042669CAB900000171 /* Camera-SwiftUI */,
			);
			productName = OldOS;
			productReference = 0D39B3EC25AA9EB600B42A84 /* OldOS.app */;
			productType = "com.apple.product-type.application";
		};
		0D39B40125AA9EB700B42A84 /* OldOSTests */ = {
			isa = PBXNativeTarget;
			buildConfigurationList = 0D39B41925AA9EB700B42A84 /* Build configuration list for PBXNativeTarget "OldOSTests" */;
			buildPhases = (
				0D39B3FE25AA9EB700B42A84 /* Sources */,
				0D39B3FF25AA9EB700B42A84 /* Frameworks */,
				0D39B40025AA9EB700B42A84 /* Resources */,
			);
			buildRules = (
			);
			dependencies = (
				0D39B40425AA9EB700B42A84 /* PBXTargetDependency */,
			);
			name = OldOSTests;
			productName = OldOSTests;
			productReference = 0D39B40225AA9EB700B42A84 /* OldOSTests.xctest */;
			productType = "com.apple.product-type.bundle.unit-test";
		};
		0D39B40C25AA9EB700B42A84 /* OldOSUITests */ = {
			isa = PBXNativeTarget;
			buildConfigurationList = 0D39B41C25AA9EB700B42A84 /* Build configuration list for PBXNativeTarget "OldOSUITests" */;
			buildPhases = (
				0D39B40925AA9EB700B42A84 /* Sources */,
				0D39B40A25AA9EB700B42A84 /* Frameworks */,
				0D39B40B25AA9EB700B42A84 /* Resources */,
			);
			buildRules = (
			);
			dependencies = (
				0D39B40F25AA9EB700B42A84 /* PBXTargetDependency */,
			);
			name = OldOSUITests;
			productName = OldOSUITests;
			productReference = 0D39B40D25AA9EB700B42A84 /* OldOSUITests.xctest */;
			productType = "com.apple.product-type.bundle.ui-testing";
		};
/* End PBXNativeTarget section */

/* Begin PBXProject section */
		0D39B3E425AA9EB600B42A84 /* Project object */ = {
			isa = PBXProject;
			attributes = {
				LastSwiftUpdateCheck = 1230;
				LastUpgradeCheck = 1230;
				TargetAttributes = {
					0D39B3EB25AA9EB600B42A84 = {
						CreatedOnToolsVersion = 12.3;
						LastSwiftMigration = 1240;
					};
					0D39B40125AA9EB700B42A84 = {
						CreatedOnToolsVersion = 12.3;
						TestTargetID = 0D39B3EB25AA9EB600B42A84;
					};
					0D39B40C25AA9EB700B42A84 = {
						CreatedOnToolsVersion = 12.3;
						TestTargetID = 0D39B3EB25AA9EB600B42A84;
					};
				};
			};
			buildConfigurationList = 0D39B3E725AA9EB600B42A84 /* Build configuration list for PBXProject "OldOS" */;
			compatibilityVersion = "Xcode 9.3";
			developmentRegion = en;
			hasScannedForEncodings = 0;
			knownRegions = (
				en,
				Base,
			);
			mainGroup = 0D39B3E325AA9EB600B42A84;
			packageReferences = (
				0D371FDA25AB854F00E4D723 /* XCRemoteSwiftPackageReference "pure-swift-ui-tools" */,
				0D53C5B025AF58D000B775ED /* XCRemoteSwiftPackageReference "LocationProvider" */,
				0D11D85825E1F9A500AB2F2B /* XCRemoteSwiftPackageReference "SwiftyJSON" */,
				0D11D86425E2BC0C00AB2F2B /* XCRemoteSwiftPackageReference "SwiftUI-Introspect" */,
				0D11D86D25E34EBE00AB2F2B /* XCRemoteSwiftPackageReference "SwiftUIPager" */,
				0D818C842603FCD900824F8E /* XCRemoteSwiftPackageReference "FeedKit" */,
				0D818C8A26059B4500824F8E /* XCRemoteSwiftPackageReference "SDWebImageSwiftUI" */,
				0DEF67052610F50400341037 /* XCRemoteSwiftPackageReference "Alamofire" */,
			);
			productRefGroup = 0D39B3ED25AA9EB600B42A84 /* Products */;
			projectDirPath = "";
			projectRoot = "";
			targets = (
				0D39B3EB25AA9EB600B42A84 /* OldOS */,
				0D39B40125AA9EB700B42A84 /* OldOSTests */,
				0D39B40C25AA9EB700B42A84 /* OldOSUITests */,
			);
		};
/* End PBXProject section */

/* Begin PBXResourcesBuildPhase section */
		0D39B3EA25AA9EB600B42A84 /* Resources */ = {
			isa = PBXResourcesBuildPhase;
			buildActionMask = 2147483647;
			files = (
				0D0FB50A262A75F4008AE4C5 /* FrontFragmentShader.glsl in Resources */,
				0D0FB508262A75F4008AE4C5 /* NextPageVertexShader.glsl in Resources */,
				0D39B3FC25AA9EB700B42A84 /* LaunchScreen.storyboard in Resources */,
				0D0FB505262A75F4008AE4C5 /* NextPageFragmentShader.glsl in Resources */,
				0D818BE525EDF98300824F8E /* dtmf-6.caf in Resources */,
				0D818BE625EDF98300824F8E /* dtmf-pound.caf in Resources */,
				0D818BE225EDF98300824F8E /* dtmf-9.caf in Resources */,
				0D80447D26628BF100000171 /* begin_video_record.caf in Resources */,
				0D0FB503262A75F4008AE4C5 /* FrontVertexShader.glsl in Resources */,
				0D39B3F925AA9EB700B42A84 /* Preview Assets.xcassets in Resources */,
				0D818BEA25EDF98300824F8E /* dtmf-7.caf in Resources */,
				0DEF66FB2610240F00341037 /* style.css in Resources */,
				0D818BE125EDF98300824F8E /* dtmf-8.caf in Resources */,
				0D0FB507262A75F4008AE4C5 /* NextPageNoTextureVertexShader.glsl in Resources */,
				0D0FB504262A75F4008AE4C5 /* BackPageGradient.png in Resources */,
				0D0FB506262A75F4008AE4C5 /* BackFragmentShader.glsl in Resources */,
				0D0FB509262A75F4008AE4C5 /* BackVertexShader.glsl in Resources */,
				0D818BEB25EDF98300824F8E /* dtmf-3.caf in Resources */,
				0D80447E26628BF100000171 /* end_video_record.caf in Resources */,
				0D818C3125F7D79900824F8E /* Hackensack.ttf in Resources */,
				0D818C2825F7307F00824F8E /* Phosphate-Inline.ttf in Resources */,
				0D818BE925EDF98300824F8E /* dtmf-1.caf in Resources */,
				0D818BE425EDF98300824F8E /* dtmf-2.caf in Resources */,
				0D818BCE25EDDFFB00824F8E /* dtmf-0.caf in Resources */,
				0D818C2925F7307F00824F8E /* Superclarendon Bold.ttf in Resources */,
				0D39B3F625AA9EB700B42A84 /* Assets.xcassets in Resources */,
				0D0FB50B262A75F4008AE4C5 /* NextPageNoTextureFragmentShader.glsl in Resources */,
				0DD19EEF2675418600A3EEF8 /* unlock.aiff in Resources */,
				0DDBD2142624FF6600106345 /* cities.json in Resources */,
				0D818BE725EDF98300824F8E /* dtmf-4.caf in Resources */,
				0D818BE325EDF98300824F8E /* dtmf-star.caf in Resources */,
				0D818BE825EDF98300824F8E /* dtmf-5.caf in Resources */,
			);
			runOnlyForDeploymentPostprocessing = 0;
		};
		0D39B40025AA9EB700B42A84 /* Resources */ = {
			isa = PBXResourcesBuildPhase;
			buildActionMask = 2147483647;
			files = (
			);
			runOnlyForDeploymentPostprocessing = 0;
		};
		0D39B40B25AA9EB700B42A84 /* Resources */ = {
			isa = PBXResourcesBuildPhase;
			buildActionMask = 2147483647;
			files = (
			);
			runOnlyForDeploymentPostprocessing = 0;
		};
/* End PBXResourcesBuildPhase section */

/* Begin PBXSourcesBuildPhase section */
		0D39B3E825AA9EB600B42A84 /* Sources */ = {
			isa = PBXSourcesBuildPhase;
			buildActionMask = 2147483647;
			files = (
				0D11D89625EDD2BC00AB2F2B /* PhoneNumberFormatRule.swift in Sources */,
				0D11D88B25EC593900AB2F2B /* Phone.swift in Sources */,
				0D80443E265C4CC500000171 /* Camera.swift in Sources */,
				0D0FB49C262A427A008AE4C5 /* Maps.swift in Sources */,
				0D0FB4F0262A75EB008AE4C5 /* XBPageCurlView.m in Sources */,
				0D11D88325EC009B00AB2F2B /* Mail.swift in Sources */,
				0D371FD625AB7B6D00E4D723 /* LockScreen.swift in Sources */,
				0DB3F0A92683D0E300FBFAD8 /* ImageMoveAndScale.swift in Sources */,
				0D4BBF5325B2105000FCFB2E /* Settings.swift in Sources */,
				0D0FB4F6262A75EB008AE4C5 /* XBCurlView.m in Sources */,
				0D39B3F025AA9EB600B42A84 /* AppDelegate.swift in Sources */,
				0DEF67242613CBDE00341037 /* DALinedTextView.m in Sources */,
				0DEF6710261101AE00341037 /* SearchPlistCodable.swift in Sources */,
				0D11D89725EDD2BC00AB2F2B /* USRuleset.swift in Sources */,
				0D818C802600500B00824F8E /* AppStore.swift in Sources */,
				0D11D89925EDD2BC00AB2F2B /* PhoneFormatType.swift in Sources */,
				0D2D5CBF25C9C48500286707 /* iPod.swift in Sources */,
				0D804456265C78C500000171 /* Messages.swift in Sources */,
				0D39B3F225AA9EB600B42A84 /* SceneDelegate.swift in Sources */,
				0DB3F0AA2683D0E300FBFAD8 /* ImageMoveAndScale+Extensions.swift in Sources */,
				0D11D89B25EDD2BC00AB2F2B /* PhoneFormatRuleset.swift in Sources */,
				0D80450A266A924B00000171 /* Calendar.swift in Sources */,
				0D0FB4F1262A75EB008AE4C5 /* XBAnimationManager.m in Sources */,
				0D0FB4F2262A75EB008AE4C5 /* XBSnappingPoint.m in Sources */,
				0D804451265C705200000171 /* Contacts.swift in Sources */,
				0D0FB4F3262A75EB008AE4C5 /* XBAnimation.m in Sources */,
				0D50B65E2620DC020046F006 /* Weather.swift in Sources */,
				0D8044832662956100000171 /* Photos.swift in Sources */,
				0D818C0825F09D4200824F8E /* ImageColors.swift in Sources */,
				0DEF67352617668200341037 /* Note.xcdatamodeld in Sources */,
				0D11D89825EDD2BC00AB2F2B /* PhoneFormatter.swift in Sources */,
				0DEF6715261279A200341037 /* Notes.swift in Sources */,
				0D11D84E25E19F9400AB2F2B /* Safari.swift in Sources */,
				0D818C2125F67DD900824F8E /* GameCenter.swift in Sources */,
				0D39B3F425AA9EB600B42A84 /* HomeScreen.swift in Sources */,
				0D0FB4F5262A75EB008AE4C5 /* XBPageDragView.m in Sources */,
				0D289FB725B2030900B242EF /* Common.swift in Sources */,
				0D11D89A25EDD2BC00AB2F2B /* PhoneFormatSeparator.swift in Sources */,
				0D804449265C694C00000171 /* Youtube.swift in Sources */,
				0D0FB4F4262A75EB008AE4C5 /* CGPointAdditions.c in Sources */,
				0D80448B26653CE200000171 /* Stocks.swift in Sources */,
				0DEF66F6260CFBF800341037 /* iTunes.swift in Sources */,
			);
			runOnlyForDeploymentPostprocessing = 0;
		};
		0D39B3FE25AA9EB700B42A84 /* Sources */ = {
			isa = PBXSourcesBuildPhase;
			buildActionMask = 2147483647;
			files = (
				0D39B40725AA9EB700B42A84 /* OldOSTests.swift in Sources */,
			);
			runOnlyForDeploymentPostprocessing = 0;
		};
		0D39B40925AA9EB700B42A84 /* Sources */ = {
			isa = PBXSourcesBuildPhase;
			buildActionMask = 2147483647;
			files = (
				0D39B41225AA9EB700B42A84 /* OldOSUITests.swift in Sources */,
			);
			runOnlyForDeploymentPostprocessing = 0;
		};
/* End PBXSourcesBuildPhase section */

/* Begin PBXTargetDependency section */
		0D39B40425AA9EB700B42A84 /* PBXTargetDependency */ = {
			isa = PBXTargetDependency;
			target = 0D39B3EB25AA9EB600B42A84 /* OldOS */;
			targetProxy = 0D39B40325AA9EB700B42A84 /* PBXContainerItemProxy */;
		};
		0D39B40F25AA9EB700B42A84 /* PBXTargetDependency */ = {
			isa = PBXTargetDependency;
			target = 0D39B3EB25AA9EB600B42A84 /* OldOS */;
			targetProxy = 0D39B40E25AA9EB700B42A84 /* PBXContainerItemProxy */;
		};
/* End PBXTargetDependency section */

/* Begin PBXVariantGroup section */
		0D39B3FA25AA9EB700B42A84 /* LaunchScreen.storyboard */ = {
			isa = PBXVariantGroup;
			children = (
				0D39B3FB25AA9EB700B42A84 /* Base */,
			);
			name = LaunchScreen.storyboard;
			sourceTree = "<group>";
		};
/* End PBXVariantGroup section */

/* Begin XCBuildConfiguration section */
		0D39B41425AA9EB700B42A84 /* Debug */ = {
			isa = XCBuildConfiguration;
			buildSettings = {
				ALWAYS_SEARCH_USER_PATHS = NO;
				CLANG_ANALYZER_NONNULL = YES;
				CLANG_ANALYZER_NUMBER_OBJECT_CONVERSION = YES_AGGRESSIVE;
				CLANG_CXX_LANGUAGE_STANDARD = "gnu++14";
				CLANG_CXX_LIBRARY = "libc++";
				CLANG_ENABLE_MODULES = YES;
				CLANG_ENABLE_OBJC_ARC = YES;
				CLANG_ENABLE_OBJC_WEAK = YES;
				CLANG_WARN_BLOCK_CAPTURE_AUTORELEASING = YES;
				CLANG_WARN_BOOL_CONVERSION = YES;
				CLANG_WARN_COMMA = YES;
				CLANG_WARN_CONSTANT_CONVERSION = YES;
				CLANG_WARN_DEPRECATED_OBJC_IMPLEMENTATIONS = YES;
				CLANG_WARN_DIRECT_OBJC_ISA_USAGE = YES_ERROR;
				CLANG_WARN_DOCUMENTATION_COMMENTS = YES;
				CLANG_WARN_EMPTY_BODY = YES;
				CLANG_WARN_ENUM_CONVERSION = YES;
				CLANG_WARN_INFINITE_RECURSION = YES;
				CLANG_WARN_INT_CONVERSION = YES;
				CLANG_WARN_NON_LITERAL_NULL_CONVERSION = YES;
				CLANG_WARN_OBJC_IMPLICIT_RETAIN_SELF = YES;
				CLANG_WARN_OBJC_LITERAL_CONVERSION = YES;
				CLANG_WARN_OBJC_ROOT_CLASS = YES_ERROR;
				CLANG_WARN_QUOTED_INCLUDE_IN_FRAMEWORK_HEADER = YES;
				CLANG_WARN_RANGE_LOOP_ANALYSIS = YES;
				CLANG_WARN_STRICT_PROTOTYPES = YES;
				CLANG_WARN_SUSPICIOUS_MOVE = YES;
				CLANG_WARN_UNGUARDED_AVAILABILITY = YES_AGGRESSIVE;
				CLANG_WARN_UNREACHABLE_CODE = YES;
				CLANG_WARN__DUPLICATE_METHOD_MATCH = YES;
				COPY_PHASE_STRIP = NO;
				DEBUG_INFORMATION_FORMAT = dwarf;
				ENABLE_STRICT_OBJC_MSGSEND = YES;
				ENABLE_TESTABILITY = YES;
				GCC_C_LANGUAGE_STANDARD = gnu11;
				GCC_DYNAMIC_NO_PIC = NO;
				GCC_NO_COMMON_BLOCKS = YES;
				GCC_OPTIMIZATION_LEVEL = 0;
				GCC_PREPROCESSOR_DEFINITIONS = (
					"DEBUG=1",
					"$(inherited)",
				);
				GCC_WARN_64_TO_32_BIT_CONVERSION = YES;
				GCC_WARN_ABOUT_RETURN_TYPE = YES_ERROR;
				GCC_WARN_UNDECLARED_SELECTOR = YES;
				GCC_WARN_UNINITIALIZED_AUTOS = YES_AGGRESSIVE;
				GCC_WARN_UNUSED_FUNCTION = YES;
				GCC_WARN_UNUSED_VARIABLE = YES;
				IPHONEOS_DEPLOYMENT_TARGET = 14.3;
				MTL_ENABLE_DEBUG_INFO = INCLUDE_SOURCE;
				MTL_FAST_MATH = YES;
				ONLY_ACTIVE_ARCH = YES;
				SDKROOT = iphoneos;
				SWIFT_ACTIVE_COMPILATION_CONDITIONS = DEBUG;
				SWIFT_INSTALL_OBJC_HEADER = NO;
				SWIFT_OPTIMIZATION_LEVEL = "-Onone";
				SWIFT_PRECOMPILE_BRIDGING_HEADER = NO;
			};
			name = Debug;
		};
		0D39B41525AA9EB700B42A84 /* Release */ = {
			isa = XCBuildConfiguration;
			buildSettings = {
				ALWAYS_SEARCH_USER_PATHS = NO;
				CLANG_ANALYZER_NONNULL = YES;
				CLANG_ANALYZER_NUMBER_OBJECT_CONVERSION = YES_AGGRESSIVE;
				CLANG_CXX_LANGUAGE_STANDARD = "gnu++14";
				CLANG_CXX_LIBRARY = "libc++";
				CLANG_ENABLE_MODULES = YES;
				CLANG_ENABLE_OBJC_ARC = YES;
				CLANG_ENABLE_OBJC_WEAK = YES;
				CLANG_WARN_BLOCK_CAPTURE_AUTORELEASING = YES;
				CLANG_WARN_BOOL_CONVERSION = YES;
				CLANG_WARN_COMMA = YES;
				CLANG_WARN_CONSTANT_CONVERSION = YES;
				CLANG_WARN_DEPRECATED_OBJC_IMPLEMENTATIONS = YES;
				CLANG_WARN_DIRECT_OBJC_ISA_USAGE = YES_ERROR;
				CLANG_WARN_DOCUMENTATION_COMMENTS = YES;
				CLANG_WARN_EMPTY_BODY = YES;
				CLANG_WARN_ENUM_CONVERSION = YES;
				CLANG_WARN_INFINITE_RECURSION = YES;
				CLANG_WARN_INT_CONVERSION = YES;
				CLANG_WARN_NON_LITERAL_NULL_CONVERSION = YES;
				CLANG_WARN_OBJC_IMPLICIT_RETAIN_SELF = YES;
				CLANG_WARN_OBJC_LITERAL_CONVERSION = YES;
				CLANG_WARN_OBJC_ROOT_CLASS = YES_ERROR;
				CLANG_WARN_QUOTED_INCLUDE_IN_FRAMEWORK_HEADER = YES;
				CLANG_WARN_RANGE_LOOP_ANALYSIS = YES;
				CLANG_WARN_STRICT_PROTOTYPES = YES;
				CLANG_WARN_SUSPICIOUS_MOVE = YES;
				CLANG_WARN_UNGUARDED_AVAILABILITY = YES_AGGRESSIVE;
				CLANG_WARN_UNREACHABLE_CODE = YES;
				CLANG_WARN__DUPLICATE_METHOD_MATCH = YES;
				COPY_PHASE_STRIP = NO;
				DEBUG_INFORMATION_FORMAT = "dwarf-with-dsym";
				ENABLE_NS_ASSERTIONS = NO;
				ENABLE_STRICT_OBJC_MSGSEND = YES;
				GCC_C_LANGUAGE_STANDARD = gnu11;
				GCC_NO_COMMON_BLOCKS = YES;
				GCC_WARN_64_TO_32_BIT_CONVERSION = YES;
				GCC_WARN_ABOUT_RETURN_TYPE = YES_ERROR;
				GCC_WARN_UNDECLARED_SELECTOR = YES;
				GCC_WARN_UNINITIALIZED_AUTOS = YES_AGGRESSIVE;
				GCC_WARN_UNUSED_FUNCTION = YES;
				GCC_WARN_UNUSED_VARIABLE = YES;
				IPHONEOS_DEPLOYMENT_TARGET = 14.3;
				MTL_ENABLE_DEBUG_INFO = NO;
				MTL_FAST_MATH = YES;
				SDKROOT = iphoneos;
				SWIFT_COMPILATION_MODE = wholemodule;
				SWIFT_INSTALL_OBJC_HEADER = NO;
				SWIFT_OPTIMIZATION_LEVEL = "-O";
				SWIFT_PRECOMPILE_BRIDGING_HEADER = NO;
				VALIDATE_PRODUCT = YES;
			};
			name = Release;
		};
		0D39B41725AA9EB700B42A84 /* Debug */ = {
			isa = XCBuildConfiguration;
			buildSettings = {
				ASSETCATALOG_COMPILER_APPICON_NAME = AppIcon;
				ASSETCATALOG_COMPILER_GLOBAL_ACCENT_COLOR_NAME = AccentColor;
				CLANG_ENABLE_MODULES = YES;
				CODE_SIGN_ENTITLEMENTS = OldOS/OldOS.entitlements;
				CODE_SIGN_STYLE = Automatic;
				CURRENT_PROJECT_VERSION = 11;
				DEVELOPMENT_ASSET_PATHS = "\"OldOS/Preview Content\"";
				DEVELOPMENT_TEAM = 5YJG9SCLDH;
				ENABLE_PREVIEWS = YES;
				GCC_PREPROCESSOR_DEFINITIONS = (
					"DEBUG=1",
					"$(inherited)",
					"GLES_SILENCE_DEPRECATION=1",
				);
				INFOPLIST_FILE = OldOS/Info.plist;
				IPHONEOS_DEPLOYMENT_TARGET = 14.1;
				LD_RUNPATH_SEARCH_PATHS = (
					"$(inherited)",
					"@executable_path/Frameworks",
				);
				MARKETING_VERSION = 1.0;
				PRODUCT_BUNDLE_IDENTIFIER = com.zurac.oldos;
				PRODUCT_NAME = "$(TARGET_NAME)";
				SWIFT_OBJC_BRIDGING_HEADER = "OldOS/TextView/OldOS-Bridging-Header.h";
				SWIFT_OPTIMIZATION_LEVEL = "-Onone";
				SWIFT_VERSION = 5.0;
				TARGETED_DEVICE_FAMILY = "1,2";
			};
			name = Debug;
		};
		0D39B41825AA9EB700B42A84 /* Release */ = {
			isa = XCBuildConfiguration;
			buildSettings = {
				ASSETCATALOG_COMPILER_APPICON_NAME = AppIcon;
				ASSETCATALOG_COMPILER_GLOBAL_ACCENT_COLOR_NAME = AccentColor;
				CLANG_ENABLE_MODULES = YES;
				CODE_SIGN_ENTITLEMENTS = OldOS/OldOS.entitlements;
				CODE_SIGN_STYLE = Automatic;
				CURRENT_PROJECT_VERSION = 11;
				DEVELOPMENT_ASSET_PATHS = "\"OldOS/Preview Content\"";
				DEVELOPMENT_TEAM = 5YJG9SCLDH;
				ENABLE_PREVIEWS = YES;
				GCC_PREPROCESSOR_DEFINITIONS = "GLES_SILENCE_DEPRECATION=1";
				INFOPLIST_FILE = OldOS/Info.plist;
				IPHONEOS_DEPLOYMENT_TARGET = 14.1;
				LD_RUNPATH_SEARCH_PATHS = (
					"$(inherited)",
					"@executable_path/Frameworks",
				);
				MARKETING_VERSION = 1.0;
				PRODUCT_BUNDLE_IDENTIFIER = com.zurac.oldos;
				PRODUCT_NAME = "$(TARGET_NAME)";
				SWIFT_OBJC_BRIDGING_HEADER = "OldOS/TextView/OldOS-Bridging-Header.h";
				SWIFT_VERSION = 5.0;
				TARGETED_DEVICE_FAMILY = "1,2";
			};
			name = Release;
		};
		0D39B41A25AA9EB700B42A84 /* Debug */ = {
			isa = XCBuildConfiguration;
			buildSettings = {
				ALWAYS_EMBED_SWIFT_STANDARD_LIBRARIES = YES;
				BUNDLE_LOADER = "$(TEST_HOST)";
				CODE_SIGN_STYLE = Automatic;
				DEVELOPMENT_TEAM = 5YJG9SCLDH;
				INFOPLIST_FILE = OldOSTests/Info.plist;
				IPHONEOS_DEPLOYMENT_TARGET = 14.3;
				LD_RUNPATH_SEARCH_PATHS = (
					"$(inherited)",
					"@executable_path/Frameworks",
					"@loader_path/Frameworks",
				);
				PRODUCT_BUNDLE_IDENTIFIER = com.zurac.OldOSTests;
				PRODUCT_NAME = "$(TARGET_NAME)";
				SWIFT_VERSION = 5.0;
				TARGETED_DEVICE_FAMILY = "1,2";
				TEST_HOST = "$(BUILT_PRODUCTS_DIR)/OldOS.app/OldOS";
			};
			name = Debug;
		};
		0D39B41B25AA9EB700B42A84 /* Release */ = {
			isa = XCBuildConfiguration;
			buildSettings = {
				ALWAYS_EMBED_SWIFT_STANDARD_LIBRARIES = YES;
				BUNDLE_LOADER = "$(TEST_HOST)";
				CODE_SIGN_STYLE = Automatic;
				DEVELOPMENT_TEAM = 5YJG9SCLDH;
				INFOPLIST_FILE = OldOSTests/Info.plist;
				IPHONEOS_DEPLOYMENT_TARGET = 14.3;
				LD_RUNPATH_SEARCH_PATHS = (
					"$(inherited)",
					"@executable_path/Frameworks",
					"@loader_path/Frameworks",
				);
				PRODUCT_BUNDLE_IDENTIFIER = com.zurac.OldOSTests;
				PRODUCT_NAME = "$(TARGET_NAME)";
				SWIFT_VERSION = 5.0;
				TARGETED_DEVICE_FAMILY = "1,2";
				TEST_HOST = "$(BUILT_PRODUCTS_DIR)/OldOS.app/OldOS";
			};
			name = Release;
		};
		0D39B41D25AA9EB700B42A84 /* Debug */ = {
			isa = XCBuildConfiguration;
			buildSettings = {
				ALWAYS_EMBED_SWIFT_STANDARD_LIBRARIES = YES;
				CODE_SIGN_STYLE = Automatic;
				DEVELOPMENT_TEAM = 5YJG9SCLDH;
				INFOPLIST_FILE = OldOSUITests/Info.plist;
				LD_RUNPATH_SEARCH_PATHS = (
					"$(inherited)",
					"@executable_path/Frameworks",
					"@loader_path/Frameworks",
				);
				PRODUCT_BUNDLE_IDENTIFIER = com.zurac.OldOSUITests;
				PRODUCT_NAME = "$(TARGET_NAME)";
				SWIFT_VERSION = 5.0;
				TARGETED_DEVICE_FAMILY = "1,2";
				TEST_TARGET_NAME = OldOS;
			};
			name = Debug;
		};
		0D39B41E25AA9EB700B42A84 /* Release */ = {
			isa = XCBuildConfiguration;
			buildSettings = {
				ALWAYS_EMBED_SWIFT_STANDARD_LIBRARIES = YES;
				CODE_SIGN_STYLE = Automatic;
				DEVELOPMENT_TEAM = 5YJG9SCLDH;
				INFOPLIST_FILE = OldOSUITests/Info.plist;
				LD_RUNPATH_SEARCH_PATHS = (
					"$(inherited)",
					"@executable_path/Frameworks",
					"@loader_path/Frameworks",
				);
				PRODUCT_BUNDLE_IDENTIFIER = com.zurac.OldOSUITests;
				PRODUCT_NAME = "$(TARGET_NAME)";
				SWIFT_VERSION = 5.0;
				TARGETED_DEVICE_FAMILY = "1,2";
				TEST_TARGET_NAME = OldOS;
			};
			name = Release;
		};
/* End XCBuildConfiguration section */

/* Begin XCConfigurationList section */
		0D39B3E725AA9EB600B42A84 /* Build configuration list for PBXProject "OldOS" */ = {
			isa = XCConfigurationList;
			buildConfigurations = (
				0D39B41425AA9EB700B42A84 /* Debug */,
				0D39B41525AA9EB700B42A84 /* Release */,
			);
			defaultConfigurationIsVisible = 0;
			defaultConfigurationName = Release;
		};
		0D39B41625AA9EB700B42A84 /* Build configuration list for PBXNativeTarget "OldOS" */ = {
			isa = XCConfigurationList;
			buildConfigurations = (
				0D39B41725AA9EB700B42A84 /* Debug */,
				0D39B41825AA9EB700B42A84 /* Release */,
			);
			defaultConfigurationIsVisible = 0;
			defaultConfigurationName = Release;
		};
		0D39B41925AA9EB700B42A84 /* Build configuration list for PBXNativeTarget "OldOSTests" */ = {
			isa = XCConfigurationList;
			buildConfigurations = (
				0D39B41A25AA9EB700B42A84 /* Debug */,
				0D39B41B25AA9EB700B42A84 /* Release */,
			);
			defaultConfigurationIsVisible = 0;
			defaultConfigurationName = Release;
		};
		0D39B41C25AA9EB700B42A84 /* Build configuration list for PBXNativeTarget "OldOSUITests" */ = {
			isa = XCConfigurationList;
			buildConfigurations = (
				0D39B41D25AA9EB700B42A84 /* Debug */,
				0D39B41E25AA9EB700B42A84 /* Release */,
			);
			defaultConfigurationIsVisible = 0;
			defaultConfigurationName = Release;
		};
/* End XCConfigurationList section */

/* Begin XCRemoteSwiftPackageReference section */
		0D11D85825E1F9A500AB2F2B /* XCRemoteSwiftPackageReference "SwiftyJSON" */ = {
			isa = XCRemoteSwiftPackageReference;
			repositoryURL = "https://github.com/SwiftyJSON/SwiftyJSON.git";
			requirement = {
				kind = upToNextMajorVersion;
				minimumVersion = 5.0.0;
			};
		};
		0D11D86425E2BC0C00AB2F2B /* XCRemoteSwiftPackageReference "SwiftUI-Introspect" */ = {
			isa = XCRemoteSwiftPackageReference;
			repositoryURL = "https://github.com/siteline/SwiftUI-Introspect.git";
			requirement = {
				kind = upToNextMajorVersion;
				minimumVersion = 0.1.2;
			};
		};
		0D11D86D25E34EBE00AB2F2B /* XCRemoteSwiftPackageReference "SwiftUIPager" */ = {
			isa = XCRemoteSwiftPackageReference;
			repositoryURL = "https://github.com/fermoya/SwiftUIPager.git";
			requirement = {
				kind = upToNextMajorVersion;
				minimumVersion = 2.0.0;
			};
		};
		0D371FDA25AB854F00E4D723 /* XCRemoteSwiftPackageReference "pure-swift-ui-tools" */ = {
			isa = XCRemoteSwiftPackageReference;
			repositoryURL = "https://github.com/CodeSlicing/pure-swift-ui-tools.git";
			requirement = {
				kind = upToNextMajorVersion;
				minimumVersion = 2.0.1;
			};
		};
		0D53C5B025AF58D000B775ED /* XCRemoteSwiftPackageReference "LocationProvider" */ = {
			isa = XCRemoteSwiftPackageReference;
			repositoryURL = "https://github.com/himbeles/LocationProvider.git";
			requirement = {
				kind = upToNextMajorVersion;
				minimumVersion = 1.5.0;
			};
		};
		0D818C842603FCD900824F8E /* XCRemoteSwiftPackageReference "FeedKit" */ = {
			isa = XCRemoteSwiftPackageReference;
			repositoryURL = "https://github.com/nmdias/FeedKit.git";
			requirement = {
				kind = upToNextMajorVersion;
				minimumVersion = 9.1.2;
			};
		};
		0D818C8A26059B4500824F8E /* XCRemoteSwiftPackageReference "SDWebImageSwiftUI" */ = {
			isa = XCRemoteSwiftPackageReference;
			repositoryURL = "https://github.com/SDWebImage/SDWebImageSwiftUI.git";
			requirement = {
				kind = upToNextMajorVersion;
				minimumVersion = 2.0.2;
			};
		};
		0DEF67052610F50400341037 /* XCRemoteSwiftPackageReference "Alamofire" */ = {
			isa = XCRemoteSwiftPackageReference;
			repositoryURL = "https://github.com/Alamofire/Alamofire.git";
			requirement = {
				kind = upToNextMajorVersion;
				minimumVersion = 5.4.1;
			};
		};
/* End XCRemoteSwiftPackageReference section */

/* Begin XCSwiftPackageProductDependency section */
		0D11D85925E1F9A500AB2F2B /* SwiftyJSON */ = {
			isa = XCSwiftPackageProductDependency;
			package = 0D11D85825E1F9A500AB2F2B /* XCRemoteSwiftPackageReference "SwiftyJSON" */;
			productName = SwiftyJSON;
		};
		0D11D86525E2BC0C00AB2F2B /* Introspect */ = {
			isa = XCSwiftPackageProductDependency;
			package = 0D11D86425E2BC0C00AB2F2B /* XCRemoteSwiftPackageReference "SwiftUI-Introspect" */;
			productName = Introspect;
		};
		0D11D86E25E34EBE00AB2F2B /* SwiftUIPager */ = {
			isa = XCSwiftPackageProductDependency;
			package = 0D11D86D25E34EBE00AB2F2B /* XCRemoteSwiftPackageReference "SwiftUIPager" */;
			productName = SwiftUIPager;
		};
		0D371FDB25AB854F00E4D723 /* PureSwiftUITools */ = {
			isa = XCSwiftPackageProductDependency;
			package = 0D371FDA25AB854F00E4D723 /* XCRemoteSwiftPackageReference "pure-swift-ui-tools" */;
			productName = PureSwiftUITools;
		};
		0D53C5B125AF58D000B775ED /* LocationProvider */ = {
			isa = XCSwiftPackageProductDependency;
			package = 0D53C5B025AF58D000B775ED /* XCRemoteSwiftPackageReference "LocationProvider" */;
			productName = LocationProvider;
		};
		0D8045042669CAB900000171 /* Camera-SwiftUI */ = {
			isa = XCSwiftPackageProductDependency;
			productName = "Camera-SwiftUI";
		};
		0D818C852603FCDA00824F8E /* FeedKit */ = {
			isa = XCSwiftPackageProductDependency;
			package = 0D818C842603FCD900824F8E /* XCRemoteSwiftPackageReference "FeedKit" */;
			productName = FeedKit;
		};
		0D818C8B26059B4500824F8E /* SDWebImageSwiftUI */ = {
			isa = XCSwiftPackageProductDependency;
			package = 0D818C8A26059B4500824F8E /* XCRemoteSwiftPackageReference "SDWebImageSwiftUI" */;
			productName = SDWebImageSwiftUI;
		};
		0DEF67062610F50500341037 /* Alamofire */ = {
			isa = XCSwiftPackageProductDependency;
			package = 0DEF67052610F50400341037 /* XCRemoteSwiftPackageReference "Alamofire" */;
			productName = Alamofire;
		};
/* End XCSwiftPackageProductDependency section */

/* Begin XCVersionGroup section */
		0DEF67332617668200341037 /* Note.xcdatamodeld */ = {
			isa = XCVersionGroup;
			children = (
				0DEF67342617668200341037 /* Note.xcdatamodel */,
			);
			currentVersion = 0DEF67342617668200341037 /* Note.xcdatamodel */;
			path = Note.xcdatamodeld;
			sourceTree = "<group>";
			versionGroupType = wrapper.xcdatamodel;
		};
/* End XCVersionGroup section */
	};
	rootObject = 0D39B3E425AA9EB600B42A84 /* Project object */;
}
