// !$*UTF8*$!
{
	archiveVersion = 1;
	classes = {
	};
	objectVersion = 46;
	objects = {

/* Begin PBXBuildFile section */
		2730401B2591DCE700E14B40 /* MCOMessageViewWebDelegate.mm in Sources */ = {isa = PBXBuildFile; fileRef = 273040182591DCE600E14B40 /* MCOMessageViewWebDelegate.mm */; };
		2730401C2591DCE700E14B40 /* inject.js in Resources */ = {isa = PBXBuildFile; fileRef = 273040192591DCE600E14B40 /* inject.js */; };
		273040292591E06400E14B40 /* WebKit.framework in Frameworks */ = {isa = PBXBuildFile; fileRef = 273040282591E06400E14B40 /* WebKit.framework */; };
		AB665BCD17134336007F2151 /* FXKeychain.m in Sources */ = {isa = PBXBuildFile; fileRef = AB665BCB17134336007F2151 /* FXKeychain.m */; };
		AB7BA446171389CC00104953 /* libMailCore-ios.a in Frameworks */ = {isa = PBXBuildFile; fileRef = AB7BA43D1713898B00104953 /* libMailCore-ios.a */; };
		AB7BA4481713913F00104953 /* CFNetwork.framework in Frameworks */ = {isa = PBXBuildFile; fileRef = AB7BA4471713913F00104953 /* CFNetwork.framework */; };
		AB9EAE06170368F000D750C7 /* UIKit.framework in Frameworks */ = {isa = PBXBuildFile; fileRef = AB9EAE05170368F000D750C7 /* UIKit.framework */; };
		AB9EAE08170368F000D750C7 /* Foundation.framework in Frameworks */ = {isa = PBXBuildFile; fileRef = AB9EAE07170368F000D750C7 /* Foundation.framework */; };
		AB9EAE0A170368F000D750C7 /* CoreGraphics.framework in Frameworks */ = {isa = PBXBuildFile; fileRef = AB9EAE09170368F000D750C7 /* CoreGraphics.framework */; };
		AB9EAE10170368F000D750C7 /* InfoPlist.strings in Resources */ = {isa = PBXBuildFile; fileRef = AB9EAE0E170368F000D750C7 /* InfoPlist.strings */; };
		AB9EAE12170368F000D750C7 /* main.mm in Sources */ = {isa = PBXBuildFile; fileRef = AB9EAE11170368F000D750C7 /* main.mm */; };
		AB9EAE16170368F000D750C7 /* AppDelegate.m in Sources */ = {isa = PBXBuildFile; fileRef = AB9EAE15170368F000D750C7 /* AppDelegate.m */; };
		AB9EAE18170368F000D750C7 /* Default.png in Resources */ = {isa = PBXBuildFile; fileRef = AB9EAE17170368F000D750C7 /* Default.png */; };
		AB9EAE1A170368F000D750C7 /* Default@2x.png in Resources */ = {isa = PBXBuildFile; fileRef = AB9EAE19170368F000D750C7 /* Default@2x.png */; };
		AB9EAE1C170368F000D750C7 /* Default-568h@2x.png in Resources */ = {isa = PBXBuildFile; fileRef = AB9EAE1B170368F000D750C7 /* Default-568h@2x.png */; };
		AB9EAE1F170368F000D750C7 /* MainStoryboard.storyboard in Resources */ = {isa = PBXBuildFile; fileRef = AB9EAE1D170368F000D750C7 /* MainStoryboard.storyboard */; };
		AB9EAE22170368F000D750C7 /* MasterViewController.m in Sources */ = {isa = PBXBuildFile; fileRef = AB9EAE21170368F000D750C7 /* MasterViewController.m */; };
		AB9EAE3617036FD700D750C7 /* SettingsViewController.m in Sources */ = {isa = PBXBuildFile; fileRef = AB9EAE3417036FD600D750C7 /* SettingsViewController.m */; };
		AB9EAE3717036FD700D750C7 /* SettingsViewController.xib in Resources */ = {isa = PBXBuildFile; fileRef = AB9EAE3517036FD700D750C7 /* SettingsViewController.xib */; };
		AB9EAE40170374D900D750C7 /* Security.framework in Frameworks */ = {isa = PBXBuildFile; fileRef = AB9EAE3F170374D900D750C7 /* Security.framework */; };
		ABE4026B173F3FCE007F1FB3 /* ImageIO.framework in Frameworks */ = {isa = PBXBuildFile; fileRef = ABE4026A173F3FCE007F1FB3 /* ImageIO.framework */; };
		B12AAA3517322654003551C7 /* MCTMsgViewController.mm in Sources */ = {isa = PBXBuildFile; fileRef = B12AAA3217322654003551C7 /* MCTMsgViewController.mm */; };
		C6D71954178BB91E008ED15F /* SystemConfiguration.framework in Frameworks */ = {isa = PBXBuildFile; fileRef = C6D71953178BB91E008ED15F /* SystemConfiguration.framework */; };
		C6ED6D2917A19F2700A4A14C /* MCOCIDURLProtocol.mm in Sources */ = {isa = PBXBuildFile; fileRef = C6ED6D2817A19F1500A4A14C /* MCOCIDURLProtocol.mm */; settings = {COMPILER_FLAGS = "-fno-objc-arc"; }; };
		C6ED6D2A17A19F2B00A4A14C /* MCOMessageView.mm in Sources */ = {isa = PBXBuildFile; fileRef = C6ED6D2517A19EF800A4A14C /* MCOMessageView.mm */; settings = {COMPILER_FLAGS = "-fno-objc-arc"; }; };
		DA9AD477179331A600743873 /* MCTTableViewCell.m in Sources */ = {isa = PBXBuildFile; fileRef = DA9AD476179331A600743873 /* MCTTableViewCell.m */; };
/* End PBXBuildFile section */

/* Begin PBXContainerItemProxy section */
		7D2DAB5B1AF747FE0005A691 /* PBXContainerItemProxy */ = {
			isa = PBXContainerItemProxy;
			containerPortal = AB7BA4321713898B00104953 /* mailcore2.xcodeproj */;
			proxyType = 2;
			remoteGlobalIDString = C600B6141A242C3F000728F1;
			remoteInfo = unittestcpp;
		};
		AB7BA43A1713898B00104953 /* PBXContainerItemProxy */ = {
			isa = PBXContainerItemProxy;
			containerPortal = AB7BA4321713898B00104953 /* mailcore2.xcodeproj */;
			proxyType = 2;
			remoteGlobalIDString = C64EA537169E772200778456;
			remoteInfo = "static mailcore2 osx";
		};
		AB7BA43C1713898B00104953 /* PBXContainerItemProxy */ = {
			isa = PBXContainerItemProxy;
			containerPortal = AB7BA4321713898B00104953 /* mailcore2.xcodeproj */;
			proxyType = 2;
			remoteGlobalIDString = C6BA2C191705F4E6003F0E9E;
			remoteInfo = "static mailcore2 ios";
		};
		AB7BA43E1713898B00104953 /* PBXContainerItemProxy */ = {
			isa = PBXContainerItemProxy;
			containerPortal = AB7BA4321713898B00104953 /* mailcore2.xcodeproj */;
			proxyType = 2;
			remoteGlobalIDString = C64EA78C169F259200778456;
			remoteInfo = tests;
		};
		AB7BA4401713898B00104953 /* PBXContainerItemProxy */ = {
			isa = PBXContainerItemProxy;
			containerPortal = AB7BA4321713898B00104953 /* mailcore2.xcodeproj */;
			proxyType = 2;
			remoteGlobalIDString = C6A81B911706840C00882C15;
			remoteInfo = "test-ios";
		};
		AB7BA4421713898B00104953 /* PBXContainerItemProxy */ = {
			isa = PBXContainerItemProxy;
			containerPortal = AB7BA4321713898B00104953 /* mailcore2.xcodeproj */;
			proxyType = 2;
			remoteGlobalIDString = C6BD288D170BD71100A91AC1;
			remoteInfo = "mailcore osx";
		};
		AB7BA444171389C200104953 /* PBXContainerItemProxy */ = {
			isa = PBXContainerItemProxy;
			containerPortal = AB7BA4321713898B00104953 /* mailcore2.xcodeproj */;
			proxyType = 1;
			remoteGlobalIDString = C6BA2B091705F4E6003F0E9E;
			remoteInfo = "static mailcore2 ios";
		};
		C6181D2E19FDA8EA0088FBBC /* PBXContainerItemProxy */ = {
			isa = PBXContainerItemProxy;
			containerPortal = AB7BA4321713898B00104953 /* mailcore2.xcodeproj */;
			proxyType = 2;
			remoteGlobalIDString = 27780C3A19CF9CD100C77E44;
			remoteInfo = "mailcore ios";
		};
		C6181D3019FDA8EA0088FBBC /* PBXContainerItemProxy */ = {
			isa = PBXContainerItemProxy;
			containerPortal = AB7BA4321713898B00104953 /* mailcore2.xcodeproj */;
			proxyType = 2;
			remoteGlobalIDString = C6B5AE0219F630B3001352A6;
			remoteInfo = unittest;
		};
/* End PBXContainerItemProxy section */

/* Begin PBXFileReference section */
		273040182591DCE600E14B40 /* MCOMessageViewWebDelegate.mm */ = {isa = PBXFileReference; fileEncoding = 4; lastKnownFileType = sourcecode.cpp.objcpp; path = MCOMessageViewWebDelegate.mm; sourceTree = "<group>"; };
		273040192591DCE600E14B40 /* inject.js */ = {isa = PBXFileReference; fileEncoding = 4; lastKnownFileType = sourcecode.javascript; path = inject.js; sourceTree = "<group>"; };
		2730401A2591DCE600E14B40 /* MCOMessageViewWebDelegate.h */ = {isa = PBXFileReference; fileEncoding = 4; lastKnownFileType = sourcecode.c.h; path = MCOMessageViewWebDelegate.h; sourceTree = "<group>"; };
		273040282591E06400E14B40 /* WebKit.framework */ = {isa = PBXFileReference; lastKnownFileType = wrapper.framework; name = WebKit.framework; path = System/Library/Frameworks/WebKit.framework; sourceTree = SDKROOT; };
		AB665BCA17134336007F2151 /* FXKeychain.h */ = {isa = PBXFileReference; fileEncoding = 4; lastKnownFileType = sourcecode.c.h; path = FXKeychain.h; sourceTree = "<group>"; };
		AB665BCB17134336007F2151 /* FXKeychain.m */ = {isa = PBXFileReference; fileEncoding = 4; lastKnownFileType = sourcecode.c.objc; path = FXKeychain.m; sourceTree = "<group>"; };
		AB665BCC17134336007F2151 /* FXKeychain_LICENCE.md */ = {isa = PBXFileReference; fileEncoding = 4; lastKnownFileType = text; path = FXKeychain_LICENCE.md; sourceTree = "<group>"; };
		AB7BA4321713898B00104953 /* mailcore2.xcodeproj */ = {isa = PBXFileReference; lastKnownFileType = "wrapper.pb-project"; name = mailcore2.xcodeproj; path = "../../../../build-mac/mailcore2.xcodeproj"; sourceTree = "<group>"; };
		AB7BA4471713913F00104953 /* CFNetwork.framework */ = {isa = PBXFileReference; lastKnownFileType = wrapper.framework; name = CFNetwork.framework; path = System/Library/Frameworks/CFNetwork.framework; sourceTree = SDKROOT; };
		AB9EAE02170368F000D750C7 /* iOS UI Test.app */ = {isa = PBXFileReference; explicitFileType = wrapper.application; includeInIndex = 0; path = "iOS UI Test.app"; sourceTree = BUILT_PRODUCTS_DIR; };
		AB9EAE05170368F000D750C7 /* UIKit.framework */ = {isa = PBXFileReference; lastKnownFileType = wrapper.framework; name = UIKit.framework; path = System/Library/Frameworks/UIKit.framework; sourceTree = SDKROOT; };
		AB9EAE07170368F000D750C7 /* Foundation.framework */ = {isa = PBXFileReference; lastKnownFileType = wrapper.framework; name = Foundation.framework; path = System/Library/Frameworks/Foundation.framework; sourceTree = SDKROOT; };
		AB9EAE09170368F000D750C7 /* CoreGraphics.framework */ = {isa = PBXFileReference; lastKnownFileType = wrapper.framework; name = CoreGraphics.framework; path = System/Library/Frameworks/CoreGraphics.framework; sourceTree = SDKROOT; };
		AB9EAE0D170368F000D750C7 /* iOS UI Test-Info.plist */ = {isa = PBXFileReference; lastKnownFileType = text.plist.xml; path = "iOS UI Test-Info.plist"; sourceTree = "<group>"; };
		AB9EAE0F170368F000D750C7 /* en */ = {isa = PBXFileReference; lastKnownFileType = text.plist.strings; name = en; path = en.lproj/InfoPlist.strings; sourceTree = "<group>"; };
		AB9EAE11170368F000D750C7 /* main.mm */ = {isa = PBXFileReference; lastKnownFileType = sourcecode.cpp.objcpp; path = main.mm; sourceTree = "<group>"; };
		AB9EAE13170368F000D750C7 /* iOS UI Test-Prefix.pch */ = {isa = PBXFileReference; lastKnownFileType = sourcecode.c.h; path = "iOS UI Test-Prefix.pch"; sourceTree = "<group>"; };
		AB9EAE14170368F000D750C7 /* AppDelegate.h */ = {isa = PBXFileReference; lastKnownFileType = sourcecode.c.h; path = AppDelegate.h; sourceTree = "<group>"; };
		AB9EAE15170368F000D750C7 /* AppDelegate.m */ = {isa = PBXFileReference; lastKnownFileType = sourcecode.c.objc; path = AppDelegate.m; sourceTree = "<group>"; };
		AB9EAE17170368F000D750C7 /* Default.png */ = {isa = PBXFileReference; lastKnownFileType = image.png; path = Default.png; sourceTree = "<group>"; };
		AB9EAE19170368F000D750C7 /* Default@2x.png */ = {isa = PBXFileReference; lastKnownFileType = image.png; path = "Default@2x.png"; sourceTree = "<group>"; };
		AB9EAE1B170368F000D750C7 /* Default-568h@2x.png */ = {isa = PBXFileReference; lastKnownFileType = image.png; path = "Default-568h@2x.png"; sourceTree = "<group>"; };
		AB9EAE1E170368F000D750C7 /* en */ = {isa = PBXFileReference; lastKnownFileType = file.storyboard; name = en; path = en.lproj/MainStoryboard.storyboard; sourceTree = "<group>"; };
		AB9EAE20170368F000D750C7 /* MasterViewController.h */ = {isa = PBXFileReference; lastKnownFileType = sourcecode.c.h; path = MasterViewController.h; sourceTree = "<group>"; };
		AB9EAE21170368F000D750C7 /* MasterViewController.m */ = {isa = PBXFileReference; lastKnownFileType = sourcecode.c.objc; path = MasterViewController.m; sourceTree = "<group>"; };
		AB9EAE3317036FD600D750C7 /* SettingsViewController.h */ = {isa = PBXFileReference; fileEncoding = 4; lastKnownFileType = sourcecode.c.h; path = SettingsViewController.h; sourceTree = "<group>"; };
		AB9EAE3417036FD600D750C7 /* SettingsViewController.m */ = {isa = PBXFileReference; fileEncoding = 4; lastKnownFileType = sourcecode.c.objc; path = SettingsViewController.m; sourceTree = "<group>"; };
		AB9EAE3517036FD700D750C7 /* SettingsViewController.xib */ = {isa = PBXFileReference; fileEncoding = 4; lastKnownFileType = file.xib; path = SettingsViewController.xib; sourceTree = "<group>"; };
		AB9EAE3F170374D900D750C7 /* Security.framework */ = {isa = PBXFileReference; lastKnownFileType = wrapper.framework; name = Security.framework; path = System/Library/Frameworks/Security.framework; sourceTree = SDKROOT; };
		ABE4026A173F3FCE007F1FB3 /* ImageIO.framework */ = {isa = PBXFileReference; lastKnownFileType = wrapper.framework; name = ImageIO.framework; path = System/Library/Frameworks/ImageIO.framework; sourceTree = SDKROOT; };
		B12AAA3117322654003551C7 /* MCTMsgViewController.h */ = {isa = PBXFileReference; fileEncoding = 4; lastKnownFileType = sourcecode.c.h; path = MCTMsgViewController.h; sourceTree = "<group>"; };
		B12AAA3217322654003551C7 /* MCTMsgViewController.mm */ = {isa = PBXFileReference; fileEncoding = 4; lastKnownFileType = sourcecode.cpp.objcpp; path = MCTMsgViewController.mm; sourceTree = "<group>"; };
		C6D71953178BB91E008ED15F /* SystemConfiguration.framework */ = {isa = PBXFileReference; lastKnownFileType = wrapper.framework; name = SystemConfiguration.framework; path = System/Library/Frameworks/SystemConfiguration.framework; sourceTree = SDKROOT; };
		C6ED6D2417A19EF800A4A14C /* MCOMessageView.h */ = {isa = PBXFileReference; lastKnownFileType = sourcecode.c.h; path = MCOMessageView.h; sourceTree = "<group>"; };
		C6ED6D2517A19EF800A4A14C /* MCOMessageView.mm */ = {isa = PBXFileReference; lastKnownFileType = sourcecode.cpp.objcpp; path = MCOMessageView.mm; sourceTree = "<group>"; };
		C6ED6D2717A19F1500A4A14C /* MCOCIDURLProtocol.h */ = {isa = PBXFileReference; lastKnownFileType = sourcecode.c.h; path = MCOCIDURLProtocol.h; sourceTree = "<group>"; };
		C6ED6D2817A19F1500A4A14C /* MCOCIDURLProtocol.mm */ = {isa = PBXFileReference; lastKnownFileType = sourcecode.cpp.objcpp; path = MCOCIDURLProtocol.mm; sourceTree = "<group>"; };
		DA9AD475179331A600743873 /* MCTTableViewCell.h */ = {isa = PBXFileReference; fileEncoding = 4; lastKnownFileType = sourcecode.c.h; path = MCTTableViewCell.h; sourceTree = "<group>"; };
		DA9AD476179331A600743873 /* MCTTableViewCell.m */ = {isa = PBXFileReference; fileEncoding = 4; lastKnownFileType = sourcecode.c.objc; path = MCTTableViewCell.m; sourceTree = "<group>"; };
/* End PBXFileReference section */

/* Begin PBXFrameworksBuildPhase section */
		AB9EADFF170368F000D750C7 /* Frameworks */ = {
			isa = PBXFrameworksBuildPhase;
			buildActionMask = 2147483647;
			files = (
				C6D71954178BB91E008ED15F /* SystemConfiguration.framework in Frameworks */,
				AB7BA446171389CC00104953 /* libMailCore-ios.a in Frameworks */,
				ABE4026B173F3FCE007F1FB3 /* ImageIO.framework in Frameworks */,
				AB9EAE40170374D900D750C7 /* Security.framework in Frameworks */,
				AB9EAE06170368F000D750C7 /* UIKit.framework in Frameworks */,
				273040292591E06400E14B40 /* WebKit.framework in Frameworks */,
				AB9EAE08170368F000D750C7 /* Foundation.framework in Frameworks */,
				AB9EAE0A170368F000D750C7 /* CoreGraphics.framework in Frameworks */,
				AB7BA4481713913F00104953 /* CFNetwork.framework in Frameworks */,
			);
			runOnlyForDeploymentPostprocessing = 0;
		};
/* End PBXFrameworksBuildPhase section */

/* Begin PBXGroup section */
		AB665BC917134336007F2151 /* common */ = {
			isa = PBXGroup;
			children = (
				AB665BCA17134336007F2151 /* FXKeychain.h */,
				AB665BCB17134336007F2151 /* FXKeychain.m */,
				AB665BCC17134336007F2151 /* FXKeychain_LICENCE.md */,
			);
			name = common;
			path = ../../../common;
			sourceTree = "<group>";
		};
		AB7BA4331713898B00104953 /* Products */ = {
			isa = PBXGroup;
			children = (
				AB7BA43B1713898B00104953 /* libMailCore.a */,
				AB7BA43D1713898B00104953 /* libMailCore-ios.a */,
				AB7BA43F1713898B00104953 /* tests */,
				AB7BA4411713898B00104953 /* test-ios.app */,
				AB7BA4431713898B00104953 /* MailCore.framework */,
				C6181D2F19FDA8EA0088FBBC /* MailCore.framework */,
				C6181D3119FDA8EA0088FBBC /* unittest.xctest */,
				7D2DAB5C1AF747FE0005A691 /* unittestcpp */,
			);
			name = Products;
			sourceTree = "<group>";
		};
		AB9EADF9170368F000D750C7 = {
			isa = PBXGroup;
			children = (
				AB9EAE0B170368F000D750C7 /* iOS UI Test */,
				AB9EAE04170368F000D750C7 /* Frameworks */,
				AB9EAE03170368F000D750C7 /* Products */,
			);
			sourceTree = "<group>";
		};
		AB9EAE03170368F000D750C7 /* Products */ = {
			isa = PBXGroup;
			children = (
				AB9EAE02170368F000D750C7 /* iOS UI Test.app */,
			);
			name = Products;
			sourceTree = "<group>";
		};
		AB9EAE04170368F000D750C7 /* Frameworks */ = {
			isa = PBXGroup;
			children = (
				273040282591E06400E14B40 /* WebKit.framework */,
				C6D71953178BB91E008ED15F /* SystemConfiguration.framework */,
				ABE4026A173F3FCE007F1FB3 /* ImageIO.framework */,
				AB7BA4471713913F00104953 /* CFNetwork.framework */,
				AB9EAE3F170374D900D750C7 /* Security.framework */,
				AB9EAE05170368F000D750C7 /* UIKit.framework */,
				AB9EAE07170368F000D750C7 /* Foundation.framework */,
				AB9EAE09170368F000D750C7 /* CoreGraphics.framework */,
			);
			name = Frameworks;
			sourceTree = "<group>";
		};
		AB9EAE0B170368F000D750C7 /* iOS UI Test */ = {
			isa = PBXGroup;
			children = (
				AB7BA4321713898B00104953 /* mailcore2.xcodeproj */,
				AB9EAE11170368F000D750C7 /* main.mm */,
				AB9EAE14170368F000D750C7 /* AppDelegate.h */,
				AB9EAE15170368F000D750C7 /* AppDelegate.m */,
				AB9EAE1D170368F000D750C7 /* MainStoryboard.storyboard */,
				AB9EAE20170368F000D750C7 /* MasterViewController.h */,
				AB9EAE21170368F000D750C7 /* MasterViewController.m */,
				B12AAA3117322654003551C7 /* MCTMsgViewController.h */,
				B12AAA3217322654003551C7 /* MCTMsgViewController.mm */,
				AB9EAE3317036FD600D750C7 /* SettingsViewController.h */,
				AB9EAE3417036FD600D750C7 /* SettingsViewController.m */,
				AB9EAE3517036FD700D750C7 /* SettingsViewController.xib */,
				C6ED6D2617A19F1500A4A14C /* common */,
				C6ED6D2317A19EF800A4A14C /* ios */,
				AB9EAE0C170368F000D750C7 /* Supporting Files */,
				AB665BC917134336007F2151 /* common */,
				DA9AD475179331A600743873 /* MCTTableViewCell.h */,
				DA9AD476179331A600743873 /* MCTTableViewCell.m */,
			);
			path = "iOS UI Test";
			sourceTree = "<group>";
		};
		AB9EAE0C170368F000D750C7 /* Supporting Files */ = {
			isa = PBXGroup;
			children = (
				AB9EAE0D170368F000D750C7 /* iOS UI Test-Info.plist */,
				AB9EAE0E170368F000D750C7 /* InfoPlist.strings */,
				AB9EAE13170368F000D750C7 /* iOS UI Test-Prefix.pch */,
				AB9EAE17170368F000D750C7 /* Default.png */,
				AB9EAE19170368F000D750C7 /* Default@2x.png */,
				AB9EAE1B170368F000D750C7 /* Default-568h@2x.png */,
			);
			name = "Supporting Files";
			sourceTree = "<group>";
		};
		C6ED6D2317A19EF800A4A14C /* ios */ = {
			isa = PBXGroup;
			children = (
				C6ED6D2417A19EF800A4A14C /* MCOMessageView.h */,
				C6ED6D2517A19EF800A4A14C /* MCOMessageView.mm */,
				273040192591DCE600E14B40 /* inject.js */,
				2730401A2591DCE600E14B40 /* MCOMessageViewWebDelegate.h */,
				273040182591DCE600E14B40 /* MCOMessageViewWebDelegate.mm */,
			);
			name = ios;
			path = ../../../../src/ui/ios;
			sourceTree = "<group>";
		};
		C6ED6D2617A19F1500A4A14C /* common */ = {
			isa = PBXGroup;
			children = (
				C6ED6D2717A19F1500A4A14C /* MCOCIDURLProtocol.h */,
				C6ED6D2817A19F1500A4A14C /* MCOCIDURLProtocol.mm */,
			);
			name = common;
			path = ../../../../src/ui/common;
			sourceTree = "<group>";
		};
/* End PBXGroup section */

/* Begin PBXNativeTarget section */
		AB9EAE01170368F000D750C7 /* iOS UI Test */ = {
			isa = PBXNativeTarget;
			buildConfigurationList = AB9EAE28170368F000D750C7 /* Build configuration list for PBXNativeTarget "iOS UI Test" */;
			buildPhases = (
				AB9EADFE170368F000D750C7 /* Sources */,
				AB9EADFF170368F000D750C7 /* Frameworks */,
				AB9EAE00170368F000D750C7 /* Resources */,
			);
			buildRules = (
			);
			dependencies = (
				AB7BA445171389C200104953 /* PBXTargetDependency */,
			);
			name = "iOS UI Test";
			productName = "iOS UI Test";
			productReference = AB9EAE02170368F000D750C7 /* iOS UI Test.app */;
			productType = "com.apple.product-type.application";
		};
/* End PBXNativeTarget section */

/* Begin PBXProject section */
		AB9EADFA170368F000D750C7 /* Project object */ = {
			isa = PBXProject;
			attributes = {
				LastUpgradeCheck = 0460;
				ORGANIZATIONNAME = AppJon;
			};
			buildConfigurationList = AB9EADFD170368F000D750C7 /* Build configuration list for PBXProject "iOS UI Test" */;
			compatibilityVersion = "Xcode 3.2";
			developmentRegion = English;
			hasScannedForEncodings = 0;
			knownRegions = (
				English,
				en,
			);
			mainGroup = AB9EADF9170368F000D750C7;
			productRefGroup = AB9EAE03170368F000D750C7 /* Products */;
			projectDirPath = "";
			projectReferences = (
				{
					ProductGroup = AB7BA4331713898B00104953 /* Products */;
					ProjectRef = AB7BA4321713898B00104953 /* mailcore2.xcodeproj */;
				},
			);
			projectRoot = "";
			targets = (
				AB9EAE01170368F000D750C7 /* iOS UI Test */,
			);
		};
/* End PBXProject section */

/* Begin PBXReferenceProxy section */
		7D2DAB5C1AF747FE0005A691 /* unittestcpp */ = {
			isa = PBXReferenceProxy;
			fileType = "compiled.mach-o.executable";
			path = unittestcpp;
			remoteRef = 7D2DAB5B1AF747FE0005A691 /* PBXContainerItemProxy */;
			sourceTree = BUILT_PRODUCTS_DIR;
		};
		AB7BA43B1713898B00104953 /* libMailCore.a */ = {
			isa = PBXReferenceProxy;
			fileType = archive.ar;
			path = libMailCore.a;
			remoteRef = AB7BA43A1713898B00104953 /* PBXContainerItemProxy */;
			sourceTree = BUILT_PRODUCTS_DIR;
		};
		AB7BA43D1713898B00104953 /* libMailCore-ios.a */ = {
			isa = PBXReferenceProxy;
			fileType = archive.ar;
			path = "libMailCore-ios.a";
			remoteRef = AB7BA43C1713898B00104953 /* PBXContainerItemProxy */;
			sourceTree = BUILT_PRODUCTS_DIR;
		};
		AB7BA43F1713898B00104953 /* tests */ = {
			isa = PBXReferenceProxy;
			fileType = "compiled.mach-o.executable";
			path = tests;
			remoteRef = AB7BA43E1713898B00104953 /* PBXContainerItemProxy */;
			sourceTree = BUILT_PRODUCTS_DIR;
		};
		AB7BA4411713898B00104953 /* test-ios.app */ = {
			isa = PBXReferenceProxy;
			fileType = wrapper.application;
			path = "test-ios.app";
			remoteRef = AB7BA4401713898B00104953 /* PBXContainerItemProxy */;
			sourceTree = BUILT_PRODUCTS_DIR;
		};
		AB7BA4431713898B00104953 /* MailCore.framework */ = {
			isa = PBXReferenceProxy;
			fileType = wrapper.framework;
			path = MailCore.framework;
			remoteRef = AB7BA4421713898B00104953 /* PBXContainerItemProxy */;
			sourceTree = BUILT_PRODUCTS_DIR;
		};
		C6181D2F19FDA8EA0088FBBC /* MailCore.framework */ = {
			isa = PBXReferenceProxy;
			fileType = wrapper.framework;
			path = MailCore.framework;
			remoteRef = C6181D2E19FDA8EA0088FBBC /* PBXContainerItemProxy */;
			sourceTree = BUILT_PRODUCTS_DIR;
		};
		C6181D3119FDA8EA0088FBBC /* unittest.xctest */ = {
			isa = PBXReferenceProxy;
			fileType = wrapper.cfbundle;
			path = unittest.xctest;
			remoteRef = C6181D3019FDA8EA0088FBBC /* PBXContainerItemProxy */;
			sourceTree = BUILT_PRODUCTS_DIR;
		};
/* End PBXReferenceProxy section */

/* Begin PBXResourcesBuildPhase section */
		AB9EAE00170368F000D750C7 /* Resources */ = {
			isa = PBXResourcesBuildPhase;
			buildActionMask = 2147483647;
			files = (
				2730401C2591DCE700E14B40 /* inject.js in Resources */,
				AB9EAE10170368F000D750C7 /* InfoPlist.strings in Resources */,
				AB9EAE18170368F000D750C7 /* Default.png in Resources */,
				AB9EAE1A170368F000D750C7 /* Default@2x.png in Resources */,
				AB9EAE1C170368F000D750C7 /* Default-568h@2x.png in Resources */,
				AB9EAE1F170368F000D750C7 /* MainStoryboard.storyboard in Resources */,
				AB9EAE3717036FD700D750C7 /* SettingsViewController.xib in Resources */,
			);
			runOnlyForDeploymentPostprocessing = 0;
		};
/* End PBXResourcesBuildPhase section */

/* Begin PBXSourcesBuildPhase section */
		AB9EADFE170368F000D750C7 /* Sources */ = {
			isa = PBXSourcesBuildPhase;
			buildActionMask = 2147483647;
			files = (
				AB9EAE12170368F000D750C7 /* main.mm in Sources */,
				AB9EAE16170368F000D750C7 /* AppDelegate.m in Sources */,
				AB9EAE22170368F000D750C7 /* MasterViewController.m in Sources */,
				AB9EAE3617036FD700D750C7 /* SettingsViewController.m in Sources */,
				C6ED6D2917A19F2700A4A14C /* MCOCIDURLProtocol.mm in Sources */,
				C6ED6D2A17A19F2B00A4A14C /* MCOMessageView.mm in Sources */,
				AB665BCD17134336007F2151 /* FXKeychain.m in Sources */,
				B12AAA3517322654003551C7 /* MCTMsgViewController.mm in Sources */,
				2730401B2591DCE700E14B40 /* MCOMessageViewWebDelegate.mm in Sources */,
				DA9AD477179331A600743873 /* MCTTableViewCell.m in Sources */,
			);
			runOnlyForDeploymentPostprocessing = 0;
		};
/* End PBXSourcesBuildPhase section */

/* Begin PBXTargetDependency section */
		AB7BA445171389C200104953 /* PBXTargetDependency */ = {
			isa = PBXTargetDependency;
			name = "static mailcore2 ios";
			targetProxy = AB7BA444171389C200104953 /* PBXContainerItemProxy */;
		};
/* End PBXTargetDependency section */

/* Begin PBXVariantGroup section */
		AB9EAE0E170368F000D750C7 /* InfoPlist.strings */ = {
			isa = PBXVariantGroup;
			children = (
				AB9EAE0F170368F000D750C7 /* en */,
			);
			name = InfoPlist.strings;
			sourceTree = "<group>";
		};
		AB9EAE1D170368F000D750C7 /* MainStoryboard.storyboard */ = {
			isa = PBXVariantGroup;
			children = (
				AB9EAE1E170368F000D750C7 /* en */,
			);
			name = MainStoryboard.storyboard;
			sourceTree = "<group>";
		};
/* End PBXVariantGroup section */

/* Begin XCBuildConfiguration section */
		AB9EAE26170368F000D750C7 /* Debug */ = {
			isa = XCBuildConfiguration;
			buildSettings = {
				ALWAYS_SEARCH_USER_PATHS = NO;
				CLANG_CXX_LANGUAGE_STANDARD = "c++0x";
				CLANG_CXX_LIBRARY = "libc++";
				CLANG_ENABLE_OBJC_ARC = YES;
				CLANG_WARN_CONSTANT_CONVERSION = YES;
				CLANG_WARN_EMPTY_BODY = YES;
				CLANG_WARN_ENUM_CONVERSION = YES;
				CLANG_WARN_INT_CONVERSION = YES;
				CLANG_WARN__DUPLICATE_METHOD_MATCH = YES;
				"CODE_SIGN_IDENTITY[sdk=iphoneos*]" = "iPhone Developer";
				COPY_PHASE_STRIP = NO;
				EXCLUDED_ARCHS = arm64;
				GCC_C_LANGUAGE_STANDARD = gnu99;
				GCC_DYNAMIC_NO_PIC = NO;
				GCC_OPTIMIZATION_LEVEL = 0;
				GCC_PREPROCESSOR_DEFINITIONS = (
					"DEBUG=1",
					"$(inherited)",
				);
				GCC_SYMBOLS_PRIVATE_EXTERN = NO;
				GCC_WARN_ABOUT_RETURN_TYPE = YES;
				GCC_WARN_UNINITIALIZED_AUTOS = YES;
				GCC_WARN_UNUSED_VARIABLE = YES;
				IPHONEOS_DEPLOYMENT_TARGET = 10.0;
				ONLY_ACTIVE_ARCH = NO;
				SDKROOT = iphoneos;
				VALIDATE_WORKSPACE = YES;
			};
			name = Debug;
		};
		AB9EAE27170368F000D750C7 /* Release */ = {
			isa = XCBuildConfiguration;
			buildSettings = {
				ALWAYS_SEARCH_USER_PATHS = NO;
				CLANG_CXX_LANGUAGE_STANDARD = "c++0x";
				CLANG_CXX_LIBRARY = "libc++";
				CLANG_ENABLE_OBJC_ARC = YES;
				CLANG_WARN_CONSTANT_CONVERSION = YES;
				CLANG_WARN_EMPTY_BODY = YES;
				CLANG_WARN_ENUM_CONVERSION = YES;
				CLANG_WARN_INT_CONVERSION = YES;
				CLANG_WARN__DUPLICATE_METHOD_MATCH = YES;
				"CODE_SIGN_IDENTITY[sdk=iphoneos*]" = "iPhone Developer";
				COPY_PHASE_STRIP = YES;
				EXCLUDED_ARCHS = arm64;
				GCC_C_LANGUAGE_STANDARD = gnu99;
				GCC_WARN_ABOUT_RETURN_TYPE = YES;
				GCC_WARN_UNINITIALIZED_AUTOS = YES;
				GCC_WARN_UNUSED_VARIABLE = YES;
				IPHONEOS_DEPLOYMENT_TARGET = 10.0;
				ONLY_ACTIVE_ARCH = NO;
				OTHER_CFLAGS = "-DNS_BLOCK_ASSERTIONS=1";
				SDKROOT = iphoneos;
				VALIDATE_PRODUCT = YES;
				VALIDATE_WORKSPACE = YES;
			};
			name = Release;
		};
		AB9EAE29170368F000D750C7 /* Debug */ = {
			isa = XCBuildConfiguration;
			buildSettings = {
				CLANG_CXX_LIBRARY = "libc++";
				GCC_PRECOMPILE_PREFIX_HEADER = YES;
				GCC_PREFIX_HEADER = "iOS UI Test/iOS UI Test-Prefix.pch";
				INFOPLIST_FILE = "iOS UI Test/iOS UI Test-Info.plist";
				OTHER_LDFLAGS = (
					"-lctemplate-ios",
					"-letpan-ios",
					"-lxml2",
					"-lsasl2",
					"-liconv",
					"-all_load",
					"-ltidy",
					"-lc++",
					"-lz",
					"-lresolv",
				);
				PRODUCT_NAME = "$(TARGET_NAME)";
				VALIDATE_WORKSPACE = NO;
				WRAPPER_EXTENSION = app;
			};
			name = Debug;
		};
		AB9EAE2A170368F000D750C7 /* Release */ = {
			isa = XCBuildConfiguration;
			buildSettings = {
				CLANG_CXX_LIBRARY = "libc++";
				GCC_PRECOMPILE_PREFIX_HEADER = YES;
				GCC_PREFIX_HEADER = "iOS UI Test/iOS UI Test-Prefix.pch";
				INFOPLIST_FILE = "iOS UI Test/iOS UI Test-Info.plist";
				OTHER_LDFLAGS = (
					"-lctemplate-ios",
					"-letpan-ios",
					"-lxml2",
					"-lsasl2",
					"-liconv",
					"-all_load",
					"-ltidy",
					"-lc++",
					"-lz",
					"-lresolv",
				);
				PRODUCT_NAME = "$(TARGET_NAME)";
				VALIDATE_WORKSPACE = NO;
				WRAPPER_EXTENSION = app;
			};
			name = Release;
		};
/* End XCBuildConfiguration section */

/* Begin XCConfigurationList section */
		AB9EADFD170368F000D750C7 /* Build configuration list for PBXProject "iOS UI Test" */ = {
			isa = XCConfigurationList;
			buildConfigurations = (
				AB9EAE26170368F000D750C7 /* Debug */,
				AB9EAE27170368F000D750C7 /* Release */,
			);
			defaultConfigurationIsVisible = 0;
			defaultConfigurationName = Release;
		};
		AB9EAE28170368F000D750C7 /* Build configuration list for PBXNativeTarget "iOS UI Test" */ = {
			isa = XCConfigurationList;
			buildConfigurations = (
				AB9EAE29170368F000D750C7 /* Debug */,
				AB9EAE2A170368F000D750C7 /* Release */,
			);
			defaultConfigurationIsVisible = 0;
			defaultConfigurationName = Release;
		};
/* End XCConfigurationList section */
	};
	rootObject = AB9EADFA170368F000D750C7 /* Project object */;
}
