// !$*UTF8*$!
{
	archiveVersion = 1;
	classes = {
	};
	objectVersion = 46;
	objects = {

/* Begin PBXBuildFile section */
		1929041918508C0B952F2B39 /* MCOMessageViewWebDelegate.mm in Sources */ = {isa = PBXBuildFile; fileRef = 19290F48AA7E97B20F0892F0 /* MCOMessageViewWebDelegate.mm */; };
		1929079080D299575411FC40 /* inject.js in Sources */ = {isa = PBXBuildFile; fileRef = 19290DE8157428C4E19CFD1B /* inject.js */; };
		276CAF4125907D1F00F52E67 /* inject.js in Resources */ = {isa = PBXBuildFile; fileRef = 19290DE8157428C4E19CFD1B /* inject.js */; };
		AB666C5917484E6200545290 /* FXKeychain.m in Sources */ = {isa = PBXBuildFile; fileRef = AB666C5817484E6200545290 /* FXKeychain.m */; settings = {COMPILER_FLAGS = "-fobjc-arc"; }; };
		AB666C5B1748558000545290 /* Security.framework in Frameworks */ = {isa = PBXBuildFile; fileRef = AB666C5A1748558000545290 /* Security.framework */; };
		C64FF38416AF97F400F8C162 /* main.mm in Sources */ = {isa = PBXBuildFile; fileRef = C64FF38316AF97F400F8C162 /* main.mm */; };
		C6BD2874170BC5C500A91AC1 /* MCOMessageView.mm in Sources */ = {isa = PBXBuildFile; fileRef = C6BD2872170BC5C500A91AC1 /* MCOMessageView.mm */; };
		C6BD28B4170BDFE500A91AC1 /* MailCore.framework in Frameworks */ = {isa = PBXBuildFile; fileRef = C6BD28B3170BDFE500A91AC1 /* MailCore.framework */; };
		C6D42BB616ABB39A002BB4F9 /* Cocoa.framework in Frameworks */ = {isa = PBXBuildFile; fileRef = C6D42BB516ABB39A002BB4F9 /* Cocoa.framework */; };
		C6D42BC916ABB39A002BB4F9 /* AppDelegate.m in Sources */ = {isa = PBXBuildFile; fileRef = C6D42BC816ABB39A002BB4F9 /* AppDelegate.m */; };
		C6D42BCC16ABB39A002BB4F9 /* MainMenu.xib in Resources */ = {isa = PBXBuildFile; fileRef = C6D42BCA16ABB39A002BB4F9 /* MainMenu.xib */; };
		C6D42BE516ABB511002BB4F9 /* WebKit.framework in Frameworks */ = {isa = PBXBuildFile; fileRef = C6D42BE416ABB511002BB4F9 /* WebKit.framework */; };
		C6D42BE916ACF711002BB4F9 /* MCTMsgListViewController.m in Sources */ = {isa = PBXBuildFile; fileRef = C6D42BE816ACF711002BB4F9 /* MCTMsgListViewController.m */; };
		C6D42BEC16ACFE3F002BB4F9 /* MCTMsgViewController.m in Sources */ = {isa = PBXBuildFile; fileRef = C6D42BEB16ACFE3F002BB4F9 /* MCTMsgViewController.m */; };
		C6D718CC178B7160008ED15F /* MailCore.framework in CopyFiles */ = {isa = PBXBuildFile; fileRef = C6BD28B3170BDFE500A91AC1 /* MailCore.framework */; };
		C6D71912178B7942008ED15F /* SystemConfiguration.framework in Frameworks */ = {isa = PBXBuildFile; fileRef = C6D71911178B7942008ED15F /* SystemConfiguration.framework */; };
		C6ED6CE817A0D06200A4A14C /* MCOCIDURLProtocol.mm in Sources */ = {isa = PBXBuildFile; fileRef = C6ED6CE717A0D05300A4A14C /* MCOCIDURLProtocol.mm */; };
/* End PBXBuildFile section */

/* Begin PBXContainerItemProxy section */
		276CAF1F259049C300F52E67 /* PBXContainerItemProxy */ = {
			isa = PBXContainerItemProxy;
			containerPortal = C6BD2877170BC8ED00A91AC1 /* mailcore2.xcodeproj */;
			proxyType = 2;
			remoteGlobalIDString = 27780C3A19CF9CD100C77E44;
			remoteInfo = "mailcore ios";
		};
		276CAF21259049C300F52E67 /* PBXContainerItemProxy */ = {
			isa = PBXContainerItemProxy;
			containerPortal = C6BD2877170BC8ED00A91AC1 /* mailcore2.xcodeproj */;
			proxyType = 2;
			remoteGlobalIDString = C6B5AE0219F630B3001352A6;
			remoteInfo = unittest;
		};
		276CAF23259049C300F52E67 /* PBXContainerItemProxy */ = {
			isa = PBXContainerItemProxy;
			containerPortal = C6BD2877170BC8ED00A91AC1 /* mailcore2.xcodeproj */;
			proxyType = 2;
			remoteGlobalIDString = C600B6141A242C3F000728F1;
			remoteInfo = unittestcpp;
		};
		C6AC12781717C54D00B715B7 /* PBXContainerItemProxy */ = {
			isa = PBXContainerItemProxy;
			containerPortal = C6BD2877170BC8ED00A91AC1 /* mailcore2.xcodeproj */;
			proxyType = 1;
			remoteGlobalIDString = C6BD288C170BD71100A91AC1;
			remoteInfo = "mailcore osx";
		};
		C6BD287E170BC8ED00A91AC1 /* PBXContainerItemProxy */ = {
			isa = PBXContainerItemProxy;
			containerPortal = C6BD2877170BC8ED00A91AC1 /* mailcore2.xcodeproj */;
			proxyType = 2;
			remoteGlobalIDString = C64EA537169E772200778456;
			remoteInfo = mailcore2;
		};
		C6BD2880170BC8ED00A91AC1 /* PBXContainerItemProxy */ = {
			isa = PBXContainerItemProxy;
			containerPortal = C6BD2877170BC8ED00A91AC1 /* mailcore2.xcodeproj */;
			proxyType = 2;
			remoteGlobalIDString = C6BA2C191705F4E6003F0E9E;
			remoteInfo = "mailcore2 ios";
		};
		C6BD2882170BC8ED00A91AC1 /* PBXContainerItemProxy */ = {
			isa = PBXContainerItemProxy;
			containerPortal = C6BD2877170BC8ED00A91AC1 /* mailcore2.xcodeproj */;
			proxyType = 2;
			remoteGlobalIDString = C64EA78C169F259200778456;
			remoteInfo = tests;
		};
		C6BD2884170BC8ED00A91AC1 /* PBXContainerItemProxy */ = {
			isa = PBXContainerItemProxy;
			containerPortal = C6BD2877170BC8ED00A91AC1 /* mailcore2.xcodeproj */;
			proxyType = 2;
			remoteGlobalIDString = C6A81B911706840C00882C15;
			remoteInfo = "test-ios";
		};
		C6BD28B2170BDFE500A91AC1 /* PBXContainerItemProxy */ = {
			isa = PBXContainerItemProxy;
			containerPortal = C6BD2877170BC8ED00A91AC1 /* mailcore2.xcodeproj */;
			proxyType = 2;
			remoteGlobalIDString = C6BD288D170BD71100A91AC1;
			remoteInfo = "mailcore osx";
		};
/* End PBXContainerItemProxy section */

/* Begin PBXCopyFilesBuildPhase section */
		C6D718CB178B714A008ED15F /* CopyFiles */ = {
			isa = PBXCopyFilesBuildPhase;
			buildActionMask = 2147483647;
			dstPath = "";
			dstSubfolderSpec = 10;
			files = (
				C6D718CC178B7160008ED15F /* MailCore.framework in CopyFiles */,
			);
			runOnlyForDeploymentPostprocessing = 0;
		};
/* End PBXCopyFilesBuildPhase section */

/* Begin PBXFileReference section */
		192901669BCFA26A095933D3 /* MCOMessageViewWebDelegate.h */ = {isa = PBXFileReference; fileEncoding = 4; lastKnownFileType = sourcecode.c.h; path = MCOMessageViewWebDelegate.h; sourceTree = "<group>"; };
		19290DE8157428C4E19CFD1B /* inject.js */ = {isa = PBXFileReference; fileEncoding = 4; lastKnownFileType = sourcecode.javascript; path = inject.js; sourceTree = "<group>"; };
		19290F48AA7E97B20F0892F0 /* MCOMessageViewWebDelegate.mm */ = {isa = PBXFileReference; fileEncoding = 4; lastKnownFileType = sourcecode.cpp.objcpp; path = MCOMessageViewWebDelegate.mm; sourceTree = "<group>"; };
		276CAF2925905E4E00F52E67 /* macExampleDebug.entitlements */ = {isa = PBXFileReference; lastKnownFileType = text.plist.entitlements; path = macExampleDebug.entitlements; sourceTree = "<group>"; };
		AB666C5717484E6200545290 /* FXKeychain.h */ = {isa = PBXFileReference; fileEncoding = 4; lastKnownFileType = sourcecode.c.h; name = FXKeychain.h; path = ../../../common/FXKeychain.h; sourceTree = "<group>"; };
		AB666C5817484E6200545290 /* FXKeychain.m */ = {isa = PBXFileReference; fileEncoding = 4; lastKnownFileType = sourcecode.c.objc; name = FXKeychain.m; path = ../../../common/FXKeychain.m; sourceTree = "<group>"; };
		AB666C5A1748558000545290 /* Security.framework */ = {isa = PBXFileReference; lastKnownFileType = wrapper.framework; name = Security.framework; path = System/Library/Frameworks/Security.framework; sourceTree = SDKROOT; };
		C64FF38316AF97F400F8C162 /* main.mm */ = {isa = PBXFileReference; fileEncoding = 4; lastKnownFileType = sourcecode.cpp.objcpp; path = main.mm; sourceTree = "<group>"; };
		C6BD2871170BC5C500A91AC1 /* MCOMessageView.h */ = {isa = PBXFileReference; fileEncoding = 4; lastKnownFileType = sourcecode.c.h; path = MCOMessageView.h; sourceTree = "<group>"; };
		C6BD2872170BC5C500A91AC1 /* MCOMessageView.mm */ = {isa = PBXFileReference; fileEncoding = 4; lastKnownFileType = sourcecode.cpp.objcpp; path = MCOMessageView.mm; sourceTree = "<group>"; };
		C6BD2877170BC8ED00A91AC1 /* mailcore2.xcodeproj */ = {isa = PBXFileReference; lastKnownFileType = "wrapper.pb-project"; name = mailcore2.xcodeproj; path = "../../../build-mac/mailcore2.xcodeproj"; sourceTree = "<group>"; };
		C6D42BB116ABB39A002BB4F9 /* macExample.app */ = {isa = PBXFileReference; explicitFileType = wrapper.application; includeInIndex = 0; path = macExample.app; sourceTree = BUILT_PRODUCTS_DIR; };
		C6D42BB516ABB39A002BB4F9 /* Cocoa.framework */ = {isa = PBXFileReference; lastKnownFileType = wrapper.framework; name = Cocoa.framework; path = System/Library/Frameworks/Cocoa.framework; sourceTree = SDKROOT; };
		C6D42BB816ABB39A002BB4F9 /* AppKit.framework */ = {isa = PBXFileReference; lastKnownFileType = wrapper.framework; name = AppKit.framework; path = System/Library/Frameworks/AppKit.framework; sourceTree = SDKROOT; };
		C6D42BB916ABB39A002BB4F9 /* CoreData.framework */ = {isa = PBXFileReference; lastKnownFileType = wrapper.framework; name = CoreData.framework; path = System/Library/Frameworks/CoreData.framework; sourceTree = SDKROOT; };
		C6D42BBA16ABB39A002BB4F9 /* Foundation.framework */ = {isa = PBXFileReference; lastKnownFileType = wrapper.framework; name = Foundation.framework; path = System/Library/Frameworks/Foundation.framework; sourceTree = SDKROOT; };
		C6D42BBD16ABB39A002BB4F9 /* macExample-Info.plist */ = {isa = PBXFileReference; lastKnownFileType = text.plist.xml; path = "macExample-Info.plist"; sourceTree = "<group>"; };
		C6D42BC716ABB39A002BB4F9 /* AppDelegate.h */ = {isa = PBXFileReference; lastKnownFileType = sourcecode.c.h; path = AppDelegate.h; sourceTree = "<group>"; };
		C6D42BC816ABB39A002BB4F9 /* AppDelegate.m */ = {isa = PBXFileReference; lastKnownFileType = sourcecode.c.objc; path = AppDelegate.m; sourceTree = "<group>"; };
		C6D42BCB16ABB39A002BB4F9 /* en */ = {isa = PBXFileReference; lastKnownFileType = file.xib; name = en; path = en.lproj/MainMenu.xib; sourceTree = "<group>"; };
		C6D42BE416ABB511002BB4F9 /* WebKit.framework */ = {isa = PBXFileReference; lastKnownFileType = wrapper.framework; name = WebKit.framework; path = System/Library/Frameworks/WebKit.framework; sourceTree = SDKROOT; };
		C6D42BE716ACF711002BB4F9 /* MCTMsgListViewController.h */ = {isa = PBXFileReference; fileEncoding = 4; lastKnownFileType = sourcecode.c.h; path = MCTMsgListViewController.h; sourceTree = "<group>"; };
		C6D42BE816ACF711002BB4F9 /* MCTMsgListViewController.m */ = {isa = PBXFileReference; fileEncoding = 4; lastKnownFileType = sourcecode.c.objc; path = MCTMsgListViewController.m; sourceTree = "<group>"; };
		C6D42BEA16ACFE3F002BB4F9 /* MCTMsgViewController.h */ = {isa = PBXFileReference; fileEncoding = 4; lastKnownFileType = sourcecode.c.h; path = MCTMsgViewController.h; sourceTree = "<group>"; };
		C6D42BEB16ACFE3F002BB4F9 /* MCTMsgViewController.m */ = {isa = PBXFileReference; fileEncoding = 4; lastKnownFileType = sourcecode.c.objc; path = MCTMsgViewController.m; sourceTree = "<group>"; };
		C6D71911178B7942008ED15F /* SystemConfiguration.framework */ = {isa = PBXFileReference; lastKnownFileType = wrapper.framework; name = SystemConfiguration.framework; path = System/Library/Frameworks/SystemConfiguration.framework; sourceTree = SDKROOT; };
		C6ED6CE617A0D05300A4A14C /* MCOCIDURLProtocol.h */ = {isa = PBXFileReference; lastKnownFileType = sourcecode.c.h; path = MCOCIDURLProtocol.h; sourceTree = "<group>"; };
		C6ED6CE717A0D05300A4A14C /* MCOCIDURLProtocol.mm */ = {isa = PBXFileReference; lastKnownFileType = sourcecode.cpp.objcpp; path = MCOCIDURLProtocol.mm; sourceTree = "<group>"; };
/* End PBXFileReference section */

/* Begin PBXFrameworksBuildPhase section */
		C6D42BAE16ABB39A002BB4F9 /* Frameworks */ = {
			isa = PBXFrameworksBuildPhase;
			buildActionMask = 2147483647;
			files = (
				C6D71912178B7942008ED15F /* SystemConfiguration.framework in Frameworks */,
				AB666C5B1748558000545290 /* Security.framework in Frameworks */,
				C6BD28B4170BDFE500A91AC1 /* MailCore.framework in Frameworks */,
				C6D42BE516ABB511002BB4F9 /* WebKit.framework in Frameworks */,
				C6D42BB616ABB39A002BB4F9 /* Cocoa.framework in Frameworks */,
			);
			runOnlyForDeploymentPostprocessing = 0;
		};
/* End PBXFrameworksBuildPhase section */

/* Begin PBXGroup section */
		AB666C5217484E3100545290 /* External */ = {
			isa = PBXGroup;
			children = (
				AB666C5717484E6200545290 /* FXKeychain.h */,
				AB666C5817484E6200545290 /* FXKeychain.m */,
			);
			name = External;
			sourceTree = "<group>";
		};
		C6BD286D170BC5C500A91AC1 /* ui */ = {
			isa = PBXGroup;
			children = (
				C6ED6CE517A0D05300A4A14C /* common */,
				C6BD286E170BC5C500A91AC1 /* mac */,
			);
			name = ui;
			path = ../../../src/ui;
			sourceTree = "<group>";
		};
		C6BD286E170BC5C500A91AC1 /* mac */ = {
			isa = PBXGroup;
			children = (
				C6BD2871170BC5C500A91AC1 /* MCOMessageView.h */,
				C6BD2872170BC5C500A91AC1 /* MCOMessageView.mm */,
				19290F48AA7E97B20F0892F0 /* MCOMessageViewWebDelegate.mm */,
				192901669BCFA26A095933D3 /* MCOMessageViewWebDelegate.h */,
				19290DE8157428C4E19CFD1B /* inject.js */,
			);
			path = mac;
			sourceTree = "<group>";
		};
		C6BD2875170BC79700A91AC1 /* MailCoreUI */ = {
			isa = PBXGroup;
			children = (
				C6BD286D170BC5C500A91AC1 /* ui */,
			);
			name = MailCoreUI;
			sourceTree = "<group>";
		};
		C6BD2876170BC8E200A91AC1 /* MailCore */ = {
			isa = PBXGroup;
			children = (
				C6BD2877170BC8ED00A91AC1 /* mailcore2.xcodeproj */,
			);
			name = MailCore;
			sourceTree = "<group>";
		};
		C6BD2878170BC8ED00A91AC1 /* Products */ = {
			isa = PBXGroup;
			children = (
				C6BD287F170BC8ED00A91AC1 /* libMailCore.a */,
				C6BD2881170BC8ED00A91AC1 /* libMailCore-ios.a */,
				C6BD2883170BC8ED00A91AC1 /* tests */,
				C6BD2885170BC8ED00A91AC1 /* test-ios.app */,
				C6BD28B3170BDFE500A91AC1 /* MailCore.framework */,
				276CAF20259049C300F52E67 /* MailCore.framework */,
				276CAF22259049C300F52E67 /* unittest.xctest */,
				276CAF24259049C300F52E67 /* unittestcpp */,
			);
			name = Products;
			sourceTree = "<group>";
		};
		C6D42BA616ABB39A002BB4F9 = {
			isa = PBXGroup;
			children = (
				C6BD2876170BC8E200A91AC1 /* MailCore */,
				C6BD2875170BC79700A91AC1 /* MailCoreUI */,
				C6D42BBB16ABB39A002BB4F9 /* macExample */,
				C6D42BB416ABB39A002BB4F9 /* Frameworks */,
				C6D42BB216ABB39A002BB4F9 /* Products */,
			);
			sourceTree = "<group>";
		};
		C6D42BB216ABB39A002BB4F9 /* Products */ = {
			isa = PBXGroup;
			children = (
				C6D42BB116ABB39A002BB4F9 /* macExample.app */,
			);
			name = Products;
			sourceTree = "<group>";
		};
		C6D42BB416ABB39A002BB4F9 /* Frameworks */ = {
			isa = PBXGroup;
			children = (
				C6D71911178B7942008ED15F /* SystemConfiguration.framework */,
				AB666C5A1748558000545290 /* Security.framework */,
				C6D42BE416ABB511002BB4F9 /* WebKit.framework */,
				C6D42BB516ABB39A002BB4F9 /* Cocoa.framework */,
				C6D42BB716ABB39A002BB4F9 /* Other Frameworks */,
			);
			name = Frameworks;
			sourceTree = "<group>";
		};
		C6D42BB716ABB39A002BB4F9 /* Other Frameworks */ = {
			isa = PBXGroup;
			children = (
				C6D42BB816ABB39A002BB4F9 /* AppKit.framework */,
				C6D42BB916ABB39A002BB4F9 /* CoreData.framework */,
				C6D42BBA16ABB39A002BB4F9 /* Foundation.framework */,
			);
			name = "Other Frameworks";
			sourceTree = "<group>";
		};
		C6D42BBB16ABB39A002BB4F9 /* macExample */ = {
			isa = PBXGroup;
			children = (
				276CAF2925905E4E00F52E67 /* macExampleDebug.entitlements */,
				AB666C5217484E3100545290 /* External */,
				C6D42BBC16ABB39A002BB4F9 /* Supporting Files */,
				C6D42BC716ABB39A002BB4F9 /* AppDelegate.h */,
				C6D42BC816ABB39A002BB4F9 /* AppDelegate.m */,
				C6D42BCA16ABB39A002BB4F9 /* MainMenu.xib */,
				C6D42BE716ACF711002BB4F9 /* MCTMsgListViewController.h */,
				C6D42BE816ACF711002BB4F9 /* MCTMsgListViewController.m */,
				C6D42BEA16ACFE3F002BB4F9 /* MCTMsgViewController.h */,
				C6D42BEB16ACFE3F002BB4F9 /* MCTMsgViewController.m */,
			);
			path = macExample;
			sourceTree = "<group>";
		};
		C6D42BBC16ABB39A002BB4F9 /* Supporting Files */ = {
			isa = PBXGroup;
			children = (
				C64FF38316AF97F400F8C162 /* main.mm */,
				C6D42BBD16ABB39A002BB4F9 /* macExample-Info.plist */,
			);
			name = "Supporting Files";
			sourceTree = "<group>";
		};
		C6ED6CE517A0D05300A4A14C /* common */ = {
			isa = PBXGroup;
			children = (
				C6ED6CE617A0D05300A4A14C /* MCOCIDURLProtocol.h */,
				C6ED6CE717A0D05300A4A14C /* MCOCIDURLProtocol.mm */,
			);
			path = common;
			sourceTree = "<group>";
		};
/* End PBXGroup section */

/* Begin PBXNativeTarget section */
		C6D42BB016ABB39A002BB4F9 /* macExample */ = {
			isa = PBXNativeTarget;
			buildConfigurationList = C6D42BCF16ABB39A002BB4F9 /* Build configuration list for PBXNativeTarget "macExample" */;
			buildPhases = (
				C6D42BAD16ABB39A002BB4F9 /* Sources */,
				C6D42BAE16ABB39A002BB4F9 /* Frameworks */,
				C6D42BAF16ABB39A002BB4F9 /* Resources */,
				C6D718CB178B714A008ED15F /* CopyFiles */,
			);
			buildRules = (
			);
			dependencies = (
				C6AC12791717C54D00B715B7 /* PBXTargetDependency */,
			);
			name = macExample;
			productName = testUI;
			productReference = C6D42BB116ABB39A002BB4F9 /* macExample.app */;
			productType = "com.apple.product-type.application";
		};
/* End PBXNativeTarget section */

/* Begin PBXProject section */
		C6D42BA816ABB39A002BB4F9 /* Project object */ = {
			isa = PBXProject;
			attributes = {
				LastUpgradeCheck = 0450;
				ORGANIZATIONNAME = MailCore;
			};
			buildConfigurationList = C6D42BAB16ABB39A002BB4F9 /* Build configuration list for PBXProject "macExample" */;
			compatibilityVersion = "Xcode 3.2";
			developmentRegion = English;
			hasScannedForEncodings = 0;
			knownRegions = (
				English,
				en,
			);
			mainGroup = C6D42BA616ABB39A002BB4F9;
			productRefGroup = C6D42BB216ABB39A002BB4F9 /* Products */;
			projectDirPath = "";
			projectReferences = (
				{
					ProductGroup = C6BD2878170BC8ED00A91AC1 /* Products */;
					ProjectRef = C6BD2877170BC8ED00A91AC1 /* mailcore2.xcodeproj */;
				},
			);
			projectRoot = "";
			targets = (
				C6D42BB016ABB39A002BB4F9 /* macExample */,
			);
		};
/* End PBXProject section */

/* Begin PBXReferenceProxy section */
		276CAF20259049C300F52E67 /* MailCore.framework */ = {
			isa = PBXReferenceProxy;
			fileType = wrapper.framework;
			path = MailCore.framework;
			remoteRef = 276CAF1F259049C300F52E67 /* PBXContainerItemProxy */;
			sourceTree = BUILT_PRODUCTS_DIR;
		};
		276CAF22259049C300F52E67 /* unittest.xctest */ = {
			isa = PBXReferenceProxy;
			fileType = wrapper.cfbundle;
			path = unittest.xctest;
			remoteRef = 276CAF21259049C300F52E67 /* PBXContainerItemProxy */;
			sourceTree = BUILT_PRODUCTS_DIR;
		};
		276CAF24259049C300F52E67 /* unittestcpp */ = {
			isa = PBXReferenceProxy;
			fileType = "compiled.mach-o.executable";
			path = unittestcpp;
			remoteRef = 276CAF23259049C300F52E67 /* PBXContainerItemProxy */;
			sourceTree = BUILT_PRODUCTS_DIR;
		};
		C6BD287F170BC8ED00A91AC1 /* libMailCore.a */ = {
			isa = PBXReferenceProxy;
			fileType = archive.ar;
			path = libMailCore.a;
			remoteRef = C6BD287E170BC8ED00A91AC1 /* PBXContainerItemProxy */;
			sourceTree = BUILT_PRODUCTS_DIR;
		};
		C6BD2881170BC8ED00A91AC1 /* libMailCore-ios.a */ = {
			isa = PBXReferenceProxy;
			fileType = archive.ar;
			path = "libMailCore-ios.a";
			remoteRef = C6BD2880170BC8ED00A91AC1 /* PBXContainerItemProxy */;
			sourceTree = BUILT_PRODUCTS_DIR;
		};
		C6BD2883170BC8ED00A91AC1 /* tests */ = {
			isa = PBXReferenceProxy;
			fileType = "compiled.mach-o.executable";
			path = tests;
			remoteRef = C6BD2882170BC8ED00A91AC1 /* PBXContainerItemProxy */;
			sourceTree = BUILT_PRODUCTS_DIR;
		};
		C6BD2885170BC8ED00A91AC1 /* test-ios.app */ = {
			isa = PBXReferenceProxy;
			fileType = wrapper.application;
			path = "test-ios.app";
			remoteRef = C6BD2884170BC8ED00A91AC1 /* PBXContainerItemProxy */;
			sourceTree = BUILT_PRODUCTS_DIR;
		};
		C6BD28B3170BDFE500A91AC1 /* MailCore.framework */ = {
			isa = PBXReferenceProxy;
			fileType = wrapper.framework;
			path = MailCore.framework;
			remoteRef = C6BD28B2170BDFE500A91AC1 /* PBXContainerItemProxy */;
			sourceTree = BUILT_PRODUCTS_DIR;
		};
/* End PBXReferenceProxy section */

/* Begin PBXResourcesBuildPhase section */
		C6D42BAF16ABB39A002BB4F9 /* Resources */ = {
			isa = PBXResourcesBuildPhase;
			buildActionMask = 2147483647;
			files = (
				276CAF4125907D1F00F52E67 /* inject.js in Resources */,
				C6D42BCC16ABB39A002BB4F9 /* MainMenu.xib in Resources */,
			);
			runOnlyForDeploymentPostprocessing = 0;
		};
/* End PBXResourcesBuildPhase section */

/* Begin PBXSourcesBuildPhase section */
		C6D42BAD16ABB39A002BB4F9 /* Sources */ = {
			isa = PBXSourcesBuildPhase;
			buildActionMask = 2147483647;
			files = (
				C6ED6CE817A0D06200A4A14C /* MCOCIDURLProtocol.mm in Sources */,
				C6D42BC916ABB39A002BB4F9 /* AppDelegate.m in Sources */,
				C6D42BE916ACF711002BB4F9 /* MCTMsgListViewController.m in Sources */,
				C6D42BEC16ACFE3F002BB4F9 /* MCTMsgViewController.m in Sources */,
				C64FF38416AF97F400F8C162 /* main.mm in Sources */,
				C6BD2874170BC5C500A91AC1 /* MCOMessageView.mm in Sources */,
				AB666C5917484E6200545290 /* FXKeychain.m in Sources */,
				1929041918508C0B952F2B39 /* MCOMessageViewWebDelegate.mm in Sources */,
				1929079080D299575411FC40 /* inject.js in Sources */,
			);
			runOnlyForDeploymentPostprocessing = 0;
		};
/* End PBXSourcesBuildPhase section */

/* Begin PBXTargetDependency section */
		C6AC12791717C54D00B715B7 /* PBXTargetDependency */ = {
			isa = PBXTargetDependency;
			name = "mailcore osx";
			targetProxy = C6AC12781717C54D00B715B7 /* PBXContainerItemProxy */;
		};
/* End PBXTargetDependency section */

/* Begin PBXVariantGroup section */
		C6D42BCA16ABB39A002BB4F9 /* MainMenu.xib */ = {
			isa = PBXVariantGroup;
			children = (
				C6D42BCB16ABB39A002BB4F9 /* en */,
			);
			name = MainMenu.xib;
			sourceTree = "<group>";
		};
/* End PBXVariantGroup section */

/* Begin XCBuildConfiguration section */
		C6D42BCD16ABB39A002BB4F9 /* Debug */ = {
			isa = XCBuildConfiguration;
			buildSettings = {
				ALWAYS_SEARCH_USER_PATHS = NO;
				ARCHS = "$(ARCHS_STANDARD_64_BIT)";
				CLANG_CXX_LANGUAGE_STANDARD = "gnu++0x";
				CLANG_CXX_LIBRARY = "libc++";
				CLANG_WARN_EMPTY_BODY = YES;
				CLANG_WARN__DUPLICATE_METHOD_MATCH = YES;
				COPY_PHASE_STRIP = NO;
				GCC_C_LANGUAGE_STANDARD = gnu99;
				GCC_DYNAMIC_NO_PIC = NO;
				GCC_ENABLE_OBJC_EXCEPTIONS = YES;
				GCC_OPTIMIZATION_LEVEL = 0;
				GCC_PREPROCESSOR_DEFINITIONS = (
					"DEBUG=1",
					"$(inherited)",
				);
				GCC_SYMBOLS_PRIVATE_EXTERN = NO;
				GCC_WARN_64_TO_32_BIT_CONVERSION = YES;
				GCC_WARN_ABOUT_RETURN_TYPE = YES;
				GCC_WARN_UNINITIALIZED_AUTOS = YES;
				GCC_WARN_UNUSED_VARIABLE = YES;
				MACOSX_DEPLOYMENT_TARGET = 10.10;
				ONLY_ACTIVE_ARCH = YES;
				SDKROOT = macosx;
			};
			name = Debug;
		};
		C6D42BCE16ABB39A002BB4F9 /* Release */ = {
			isa = XCBuildConfiguration;
			buildSettings = {
				ALWAYS_SEARCH_USER_PATHS = NO;
				ARCHS = "$(ARCHS_STANDARD_64_BIT)";
				CLANG_CXX_LANGUAGE_STANDARD = "gnu++0x";
				CLANG_CXX_LIBRARY = "libc++";
				CLANG_WARN_EMPTY_BODY = YES;
				CLANG_WARN__DUPLICATE_METHOD_MATCH = YES;
				COPY_PHASE_STRIP = YES;
				DEBUG_INFORMATION_FORMAT = "dwarf-with-dsym";
				GCC_C_LANGUAGE_STANDARD = gnu99;
				GCC_ENABLE_OBJC_EXCEPTIONS = YES;
				GCC_WARN_64_TO_32_BIT_CONVERSION = YES;
				GCC_WARN_ABOUT_RETURN_TYPE = YES;
				GCC_WARN_UNINITIALIZED_AUTOS = YES;
				GCC_WARN_UNUSED_VARIABLE = YES;
				MACOSX_DEPLOYMENT_TARGET = 10.10;
				SDKROOT = macosx;
			};
			name = Release;
		};
		C6D42BD016ABB39A002BB4F9 /* Debug */ = {
			isa = XCBuildConfiguration;
			buildSettings = {
				CLANG_CXX_LIBRARY = "libc++";
				CODE_SIGN_ENTITLEMENTS = macExample/macExampleDebug.entitlements;
				COMBINE_HIDPI_IMAGES = YES;
				INFOPLIST_FILE = "macExample/macExample-Info.plist";
				PRODUCT_NAME = "$(TARGET_NAME)";
				WRAPPER_EXTENSION = app;
			};
			name = Debug;
		};
		C6D42BD116ABB39A002BB4F9 /* Release */ = {
			isa = XCBuildConfiguration;
			buildSettings = {
				CLANG_CXX_LIBRARY = "libc++";
				COMBINE_HIDPI_IMAGES = YES;
				INFOPLIST_FILE = "macExample/macExample-Info.plist";
				PRODUCT_NAME = "$(TARGET_NAME)";
				WRAPPER_EXTENSION = app;
			};
			name = Release;
		};
/* End XCBuildConfiguration section */

/* Begin XCConfigurationList section */
		C6D42BAB16ABB39A002BB4F9 /* Build configuration list for PBXProject "macExample" */ = {
			isa = XCConfigurationList;
			buildConfigurations = (
				C6D42BCD16ABB39A002BB4F9 /* Debug */,
				C6D42BCE16ABB39A002BB4F9 /* Release */,
			);
			defaultConfigurationIsVisible = 0;
			defaultConfigurationName = Release;
		};
		C6D42BCF16ABB39A002BB4F9 /* Build configuration list for PBXNativeTarget "macExample" */ = {
			isa = XCConfigurationList;
			buildConfigurations = (
				C6D42BD016ABB39A002BB4F9 /* Debug */,
				C6D42BD116ABB39A002BB4F9 /* Release */,
			);
			defaultConfigurationIsVisible = 0;
			defaultConfigurationName = Release;
		};
/* End XCConfigurationList section */
	};
	rootObject = C6D42BA816ABB39A002BB4F9 /* Project object */;
}
