{
  "object": {
    "pins": [
      {
        "package": "Alamofire",
        "repositoryURL": "https://github.com/Alamofire/Alamofire.git",
        "state": {
          "branch": null,
          "revision": "d120af1e8638c7da36c8481fd61a66c0c08dc4fc",
          "version": "5.4.4"
        }
      },
      {
        "package": "FeedKit",
        "repositoryURL": "https://github.com/nmdias/FeedKit.git",
        "state": {
          "branch": null,
          "revision": "68493a33d862c33c9a9f67ec729b3b7df1b20ade",
          "version": "9.1.2"
        }
      },
      {
        "package": "LocationProvider",
        "repositoryURL": "https://github.com/himbeles/LocationProvider.git",
        "state": {
          "branch": null,
          "revision": "970f00b5f7294f2af0bb55dadd160a2eba9b8890",
          "version": "1.5.0"
        }
      },
      {
        "package": "MailCore2",
        "repositoryURL": "https://github.com/MailCore/mailcore2",
        "state": {
          "branch": "master",
          "revision": "1434761709b4d9dd5acc5b7185a3b32aa4845ba8",
          "version": null
        }
      },
      {
        "package": "OAuth2",
        "repositoryURL": "https://github.com/p2/OAuth2.git",
        "state": {
          "branch": null,
          "revision": "30f46ad74bcbe7013fb340e54f41bc9e6d2ce994",
          "version": "5.3.2"
        }
      },
      {
        "package": "PureSwiftUI",
        "repositoryURL": "https://github.com/CodeSlicing/pure-swift-ui.git",
        "state": {
          "branch": null,
          "revision": "1a02106b0219ea22b9555ddd23c2c90ad1739653",
          "version": "2.3.0"
        }
      },
      {
        "package": "PureSwiftUITools",
        "repositoryURL": "https://github.com/CodeSlicing/pure-swift-ui-tools.git",
        "state": {
          "branch": null,
          "revision": "343d99b85d78ab4a78f49f05e8daf988bf56c1fe",
          "version": "2.0.2"
        }
      },
      {
        "package": "SDWebImage",
        "repositoryURL": "https://github.com/SDWebImage/SDWebImage.git",
        "state": {
          "branch": null,
          "revision": "a72df4849408da7e5d3c1b586797b7c601c41d1b",
          "version": "5.12.1"
        }
      },
      {
        "package": "SDWebImageSwiftUI",
        "repositoryURL": "https://github.com/SDWebImage/SDWebImageSwiftUI.git",
        "state": {
          "branch": null,
          "revision": "cd8625b7cf11a97698e180d28bb7d5d357196678",
          "version": "2.0.2"
        }
      },
      {
        "package": "SwiftKeychainWrapper",
        "repositoryURL": "https://github.com/jrendel/SwiftKeychainWrapper",
        "state": {
          "branch": null,
          "revision": "185a3165346a03767101c4f62e9a545a0fe0530f",
          "version": "4.0.1"
        }
      },
      {
        "package": "Introspect",
        "repositoryURL": "https://github.com/siteline/SwiftUI-Introspect.git",
        "state": {
          "branch": null,
          "revision": "2e09be8af614401bc9f87d40093ec19ce56ccaf2",
          "version": "0.1.3"
        }
      },
      {
        "package": "SwiftUIPager",
        "repositoryURL": "https://github.com/fermoya/SwiftUIPager.git",
        "state": {
          "branch": null,
          "revision": "d6745593cfa38ffa1fca75244a01e422d220d407",
          "version": "2.3.1"
        }
      },
      {
        "package": "SwiftyJSON",
        "repositoryURL": "https://github.com/SwiftyJSON/SwiftyJSON.git",
        "state": {
          "branch": null,
          "revision": "b3dcd7dbd0d488e1a7077cb33b00f2083e382f07",
          "version": "5.0.1"
        }
      },
      {
        "package": "XCDYouTubeKit",
        "repositoryURL": "https://github.com/0xced/XCDYouTubeKit.git",
        "state": {
          "branch": null,
          "revision": "23f765941b36d6d28215ab81a37af1039d29138b",
          "version": "2.15.2"
        }
      }
    ]
  },
  "version": 1
}
