{
  "object": {
    "pins": [
      {
        "package": "Alamofire",
        "repositoryURL": "https://github.com/Alamofire/Alamofire.git",
        "state": {
          "branch": null,
          "revision": "eaf6e622dd41b07b251d8f01752eab31bc811493",
          "version": "5.4.1"
        }
      },
      {
        "package": "FeedKit",
        "repositoryURL": "https://github.com/nmdias/FeedKit.git",
        "state": {
          "branch": null,
          "revision": "68493a33d862c33c9a9f67ec729b3b7df1b20ade",
          "version": "9.1.2"
        }
      },
      {
        "package": "LocationProvider",
        "repositoryURL": "https://github.com/himbeles/LocationProvider.git",
        "state": {
          "branch": null,
          "revision": "970f00b5f7294f2af0bb55dadd160a2eba9b8890",
          "version": "1.5.0"
        }
      },
      {
        "package": "PureSwiftUI",
        "repositoryURL": "https://github.com/CodeSlicing/pure-swift-ui.git",
        "state": {
          "branch": null,
          "revision": "317ad7dc7b70dfd9a69db8361ad152b9d82fc4aa",
          "version": "2.0.1"
        }
      },
      {
        "package": "PureSwiftUITools",
        "repositoryURL": "https://github.com/CodeSlicing/pure-swift-ui-tools.git",
        "state": {
          "branch": null,
          "revision": "1f110e4aaf8deae7c783c0816c8bd867d1f06df4",
          "version": "2.0.1"
        }
      },
      {
        "package": "SDWebImage",
        "repositoryURL": "https://github.com/SDWebImage/SDWebImage.git",
        "state": {
          "branch": null,
          "revision": "a6b6e44eadf0d39250c10a7cc0e3b91d0bdb0e94",
          "version": "5.10.4"
        }
      },
      {
        "package": "SDWebImageSwiftUI",
        "repositoryURL": "https://github.com/SDWebImage/SDWebImageSwiftUI.git",
        "state": {
          "branch": null,
          "revision": "cd8625b7cf11a97698e180d28bb7d5d357196678",
          "version": "2.0.2"
        }
      },
      {
        "package": "Introspect",
        "repositoryURL": "https://github.com/siteline/SwiftUI-Introspect.git",
        "state": {
          "branch": null,
          "revision": "36ecf80429d00a4cd1e81fbfe4655b1d99ebd651",
          "version": "0.1.2"
        }
      },
      {
        "package": "SwiftUIPager",
        "repositoryURL": "https://github.com/fermoya/SwiftUIPager.git",
        "state": {
          "branch": null,
          "revision": "41d6273d239a5c5a11db68292915e99c6473058e",
          "version": "2.0.0"
        }
      },
      {
        "package": "SwiftyJSON",
        "repositoryURL": "https://github.com/SwiftyJSON/SwiftyJSON.git",
        "state": {
          "branch": null,
          "revision": "2b6054efa051565954e1d2b9da831680026cd768",
          "version": "5.0.0"
        }
      },
      {
        "package": "XCDYouTubeKit",
        "repositoryURL": "https://github.com/0xced/XCDYouTubeKit.git",
        "state": {
          "branch": null,
          "revision": "23f765941b36d6d28215ab81a37af1039d29138b",
          "version": "2.15.2"
        }
      }
    ]
  },
  "version": 1
}
